// !$*UTF8*$!
{
	archiveVersion = 1;
	classes = {
	};
	objectVersion = 52;
	objects = {

/* Begin PBXBuildFile section */
		354899CF28A641F800E9B7FF /* UserInfoTests.swift in Sources */ = {isa = PBXBuildFile; fileRef = 354899CE28A641F800E9B7FF /* UserInfoTests.swift */; };
		354899D328A6480700E9B7FF /* Token.json in Resources */ = {isa = PBXBuildFile; fileRef = 354899D228A6480700E9B7FF /* Token.json */; };
		354899D528A6482A00E9B7FF /* TokenTests.swift in Sources */ = {isa = PBXBuildFile; fileRef = 354899D428A6482A00E9B7FF /* TokenTests.swift */; };
		354899D628A64B2000E9B7FF /* Token.swift in Sources */ = {isa = PBXBuildFile; fileRef = 354899D028A647B100E9B7FF /* Token.swift */; };
		3572F5C828914F7600A85837 /* Mocker in Frameworks */ = {isa = PBXBuildFile; productRef = 3572F5C728914F7600A85837 /* Mocker */; };
		35CF7FD428FDA04E00214B10 /* MFAEndpoint.swift in Sources */ = {isa = PBXBuildFile; fileRef = 35CF7FD328FDA04E00214B10 /* MFAEndpoint.swift */; };
		35CF7FD628FDA3ED00214B10 /* RegisterEndpoint.swift in Sources */ = {isa = PBXBuildFile; fileRef = 35CF7FD528FDA3ED00214B10 /* RegisterEndpoint.swift */; };
		35CF7FD828FDA52D00214B10 /* ActivateEndpoint.swift in Sources */ = {isa = PBXBuildFile; fileRef = 35CF7FD728FDA52D00214B10 /* ActivateEndpoint.swift */; };
		35CF7FDA28FDA64600214B10 /* ReactivateEndpoint.swift in Sources */ = {isa = PBXBuildFile; fileRef = 35CF7FD928FDA64600214B10 /* ReactivateEndpoint.swift */; };
		35CF7FDC28FDA73C00214B10 /* ForgotPasswordEndpoint.swift in Sources */ = {isa = PBXBuildFile; fileRef = 35CF7FDB28FDA73C00214B10 /* ForgotPasswordEndpoint.swift */; };
		35CF7FDE28FDA85C00214B10 /* GetUserInfoEndpoint.swift in Sources */ = {isa = PBXBuildFile; fileRef = 35CF7FDD28FDA85C00214B10 /* GetUserInfoEndpoint.swift */; };
		35CF7FE128FDABDC00214B10 /* GetAliasOptionsEndpoint.swift in Sources */ = {isa = PBXBuildFile; fileRef = 35CF7FE028FDABDC00214B10 /* GetAliasOptionsEndpoint.swift */; };
		35CF7FE328FDACBB00214B10 /* CreateAliasEndpoint.swift in Sources */ = {isa = PBXBuildFile; fileRef = 35CF7FE228FDACBB00214B10 /* CreateAliasEndpoint.swift */; };
		35CF7FE628FDB04500214B10 /* GetMailboxesEndpoint.swift in Sources */ = {isa = PBXBuildFile; fileRef = 35CF7FE528FDB04500214B10 /* GetMailboxesEndpoint.swift */; };
		35CF7FE828FDB23C00214B10 /* RandomAliasEndpoint.swift in Sources */ = {isa = PBXBuildFile; fileRef = 35CF7FE728FDB23C00214B10 /* RandomAliasEndpoint.swift */; };
		35CF7FEA28FDB42F00214B10 /* GetAliasesEndpoint.swift in Sources */ = {isa = PBXBuildFile; fileRef = 35CF7FE928FDB42F00214B10 /* GetAliasesEndpoint.swift */; };
		35CF7FEC28FDB69400214B10 /* GetAliasEndpoint.swift in Sources */ = {isa = PBXBuildFile; fileRef = 35CF7FEB28FDB69400214B10 /* GetAliasEndpoint.swift */; };
		35CF7FEE28FDB7B300214B10 /* DeleteAliasEndpoint.swift in Sources */ = {isa = PBXBuildFile; fileRef = 35CF7FED28FDB7B300214B10 /* DeleteAliasEndpoint.swift */; };
		35CF7FF028FDB88800214B10 /* ToggleAliasEndpoint.swift in Sources */ = {isa = PBXBuildFile; fileRef = 35CF7FEF28FDB88800214B10 /* ToggleAliasEndpoint.swift */; };
		35EA796928FE7D4500BF2D34 /* GetActivitiesEndpoint.swift in Sources */ = {isa = PBXBuildFile; fileRef = 35EA796828FE7D4500BF2D34 /* GetActivitiesEndpoint.swift */; };
		35EA796B28FE7F9500BF2D34 /* UpdateAliasEndpoint.swift in Sources */ = {isa = PBXBuildFile; fileRef = 35EA796A28FE7F9500BF2D34 /* UpdateAliasEndpoint.swift */; };
		35EA796D28FE83D400BF2D34 /* GetContactsEndpoint.swift in Sources */ = {isa = PBXBuildFile; fileRef = 35EA796C28FE83D400BF2D34 /* GetContactsEndpoint.swift */; };
		35F8D30328FD8A670000AA0E /* APIService.swift in Sources */ = {isa = PBXBuildFile; fileRef = 35F8D30228FD8A670000AA0E /* APIService.swift */; };
		35F8D30528FD8AD30000AA0E /* EndpointV2.swift in Sources */ = {isa = PBXBuildFile; fileRef = 35F8D30428FD8AD30000AA0E /* EndpointV2.swift */; };
		35F8D30928FD8E9E0000AA0E /* LogInEndpoint.swift in Sources */ = {isa = PBXBuildFile; fileRef = 35F8D30828FD8E9E0000AA0E /* LogInEndpoint.swift */; };
		C0012DA6271779FA00D18A7D /* DeletedResponse.swift in Sources */ = {isa = PBXBuildFile; fileRef = C0012DA5271779FA00D18A7D /* DeletedResponse.swift */; };
		C0012DA827177AB300D18A7D /* EnabledResponse.swift in Sources */ = {isa = PBXBuildFile; fileRef = C0012DA727177AB300D18A7D /* EnabledResponse.swift */; };
		C0012DAA271780EC00D18A7D /* AliasActivity.swift in Sources */ = {isa = PBXBuildFile; fileRef = C0012DA9271780EC00D18A7D /* AliasActivity.swift */; };
		C0012DAC2717815100D18A7D /* ActivityAction.swift in Sources */ = {isa = PBXBuildFile; fileRef = C0012DAB2717815100D18A7D /* ActivityAction.swift */; };
		C0012DAE2717838000D18A7D /* AliasActivity.json in Resources */ = {isa = PBXBuildFile; fileRef = C0012DAD2717838000D18A7D /* AliasActivity.json */; };
		C0012DB0271783AD00D18A7D /* AliasActivityTests.swift in Sources */ = {isa = PBXBuildFile; fileRef = C0012DAF271783AD00D18A7D /* AliasActivityTests.swift */; };
		C00B2CF6266ACCFA008E7108 /* ApiKey.swift in Sources */ = {isa = PBXBuildFile; fileRef = C00B2CF5266ACCFA008E7108 /* ApiKey.swift */; };
		C00B2CF8266ACD2F008E7108 /* SLClient.swift in Sources */ = {isa = PBXBuildFile; fileRef = C00B2CF7266ACD2F008E7108 /* SLClient.swift */; };
		C00B2CFB266ACD8E008E7108 /* AccountEndpointsTests.swift in Sources */ = {isa = PBXBuildFile; fileRef = C00B2CFA266ACD8E008E7108 /* AccountEndpointsTests.swift */; };
		C00B2CFF266ACDA8008E7108 /* UserInfo1.json in Resources */ = {isa = PBXBuildFile; fileRef = C00B2CFE266ACDA8008E7108 /* UserInfo1.json */; };
		C00B2D01266ACDBB008E7108 /* UserInfo2.json in Resources */ = {isa = PBXBuildFile; fileRef = C00B2D00266ACDBB008E7108 /* UserInfo2.json */; };
		C00B2D03266ACDD8008E7108 /* MockedData.swift in Sources */ = {isa = PBXBuildFile; fileRef = C00B2D02266ACDD8008E7108 /* MockedData.swift */; };
		C0126D0227AED57900B489E8 /* AliasEndpointsTests.swift in Sources */ = {isa = PBXBuildFile; fileRef = C0126D0127AED57900B489E8 /* AliasEndpointsTests.swift */; };
		C01CCD16271DFD3500B84B63 /* AliasUpdateOption.swift in Sources */ = {isa = PBXBuildFile; fileRef = C01CCD15271DFD3500B84B63 /* AliasUpdateOption.swift */; };
		C01CCD18271E019F00B84B63 /* Contact.swift in Sources */ = {isa = PBXBuildFile; fileRef = C01CCD17271E019F00B84B63 /* Contact.swift */; };
		C01CCD1C271E02A200B84B63 /* Contact1.json in Resources */ = {isa = PBXBuildFile; fileRef = C01CCD1B271E02A200B84B63 /* Contact1.json */; };
		C01CCD1E271E02B100B84B63 /* Contact2.json in Resources */ = {isa = PBXBuildFile; fileRef = C01CCD1D271E02B100B84B63 /* Contact2.json */; };
		C01CCD20271E02DE00B84B63 /* ContactTests.swift in Sources */ = {isa = PBXBuildFile; fileRef = C01CCD1F271E02DE00B84B63 /* ContactTests.swift */; };
		C01CCD22271E095800B84B63 /* Mailbox.swift in Sources */ = {isa = PBXBuildFile; fileRef = C01CCD21271E095800B84B63 /* Mailbox.swift */; };
		C01CCD24271E0A7900B84B63 /* Mailbox.json in Resources */ = {isa = PBXBuildFile; fileRef = C01CCD23271E0A7900B84B63 /* Mailbox.json */; };
		C01CCD26271E0AA300B84B63 /* MailboxTests.swift in Sources */ = {isa = PBXBuildFile; fileRef = C01CCD25271E0AA300B84B63 /* MailboxTests.swift */; };
		C01CCD29271E0EB000B84B63 /* MailboxUpdateOption.swift in Sources */ = {isa = PBXBuildFile; fileRef = C01CCD27271E0EAD00B84B63 /* MailboxUpdateOption.swift */; };
		C01CCD2C271E110E00B84B63 /* CustomDomain.swift in Sources */ = {isa = PBXBuildFile; fileRef = C01CCD2A271E108400B84B63 /* CustomDomain.swift */; };
		C01CCD2E271E128900B84B63 /* CustomDomain1.json in Resources */ = {isa = PBXBuildFile; fileRef = C01CCD2D271E128900B84B63 /* CustomDomain1.json */; };
		C01CCD30271E129600B84B63 /* CustomDomain2.json in Resources */ = {isa = PBXBuildFile; fileRef = C01CCD2F271E129600B84B63 /* CustomDomain2.json */; };
		C01CCD32271E130500B84B63 /* CustomDomainTests.swift in Sources */ = {isa = PBXBuildFile; fileRef = C01CCD31271E130500B84B63 /* CustomDomainTests.swift */; };
		C020018226D97B6D0057C345 /* OkResponse.swift in Sources */ = {isa = PBXBuildFile; fileRef = C020018126D97B6D0057C345 /* OkResponse.swift */; };
		C020018426D97C100057C345 /* Ok.json in Resources */ = {isa = PBXBuildFile; fileRef = C020018326D97C100057C345 /* Ok.json */; };
		C020018626D9815A0057C345 /* UserLogin1.json in Resources */ = {isa = PBXBuildFile; fileRef = C020018526D9815A0057C345 /* UserLogin1.json */; };
		C020018826D981670057C345 /* UserLogin2.json in Resources */ = {isa = PBXBuildFile; fileRef = C020018726D981670057C345 /* UserLogin2.json */; };
		C02924F6266CB01500AFFE20 /* Mfa.json in Resources */ = {isa = PBXBuildFile; fileRef = C02924F5266CB01500AFFE20 /* Mfa.json */; };
		C02924F8266CBBC300AFFE20 /* MessageResponse.swift in Sources */ = {isa = PBXBuildFile; fileRef = C02924F7266CBBC300AFFE20 /* MessageResponse.swift */; };
		C02924FA266CBC3700AFFE20 /* Message.json in Resources */ = {isa = PBXBuildFile; fileRef = C02924F9266CBC3700AFFE20 /* Message.json */; };
		C02924FC266CBC6800AFFE20 /* MessageResponseTests.swift in Sources */ = {isa = PBXBuildFile; fileRef = C02924FB266CBC6800AFFE20 /* MessageResponseTests.swift */; };
		C031FF1526638F030098E474 /* Swift_Package.framework in Frameworks */ = {isa = PBXBuildFile; fileRef = C031FF0B26638F030098E474 /* Swift_Package.framework */; };
		C031FF1C26638F030098E474 /* Swift_Package.h in Headers */ = {isa = PBXBuildFile; fileRef = C031FF0E26638F030098E474 /* Swift_Package.h */; settings = {ATTRIBUTES = (Public, ); }; };
		C031FF2A26638FEF0098E474 /* Alias.swift in Sources */ = {isa = PBXBuildFile; fileRef = C031FF2926638FEF0098E474 /* Alias.swift */; };
		C03760F526DC0C4700E5ECAC /* ErrorResponse.swift in Sources */ = {isa = PBXBuildFile; fileRef = C03760F426DC0C4700E5ECAC /* ErrorResponse.swift */; };
		C063DCD626F28E0000BDBD5C /* AliasOptions.swift in Sources */ = {isa = PBXBuildFile; fileRef = C063DCD526F28E0000BDBD5C /* AliasOptions.swift */; };
		C063DCD826F28E8200BDBD5C /* Suffix.swift in Sources */ = {isa = PBXBuildFile; fileRef = C063DCD726F28E8200BDBD5C /* Suffix.swift */; };
		C063DCDA26F28F1300BDBD5C /* AliasOptions.json in Resources */ = {isa = PBXBuildFile; fileRef = C063DCD926F28F1300BDBD5C /* AliasOptions.json */; };
		C063DCDC26F28FEF00BDBD5C /* AliasOptionsTests.swift in Sources */ = {isa = PBXBuildFile; fileRef = C063DCDB26F28FEF00BDBD5C /* AliasOptionsTests.swift */; };
		C0727EC5266B596F000C0B36 /* UserInfo.swift in Sources */ = {isa = PBXBuildFile; fileRef = C0727EC4266B596F000C0B36 /* UserInfo.swift */; };
		C0727EC7266B59B7000C0B36 /* UserLogin.swift in Sources */ = {isa = PBXBuildFile; fileRef = C0727EC6266B59B7000C0B36 /* UserLogin.swift */; };
		C0727EC9266B5C24000C0B36 /* BaseEndpointsTests.swift in Sources */ = {isa = PBXBuildFile; fileRef = C0727EC8266B5C24000C0B36 /* BaseEndpointsTests.swift */; };
		C0727ECE266B682F000C0B36 /* Endpoint.swift in Sources */ = {isa = PBXBuildFile; fileRef = C0727ECC266B6751000C0B36 /* Endpoint.swift */; };
		C0727ED2266B7023000C0B36 /* EndpointTests.swift in Sources */ = {isa = PBXBuildFile; fileRef = C0727ED1266B7023000C0B36 /* EndpointTests.swift */; };
		C0727ED6266B7106000C0B36 /* StringExtensions.swift in Sources */ = {isa = PBXBuildFile; fileRef = C0727ED5266B7106000C0B36 /* StringExtensions.swift */; };
		C0727ED8266B73B6000C0B36 /* URLRequestExtensions.swift in Sources */ = {isa = PBXBuildFile; fileRef = C0727ED7266B73B6000C0B36 /* URLRequestExtensions.swift */; };
		C0727EDE266B8C52000C0B36 /* SLClientError.swift in Sources */ = {isa = PBXBuildFile; fileRef = C0727EDC266B8C4A000C0B36 /* SLClientError.swift */; };
		C0727EE2266C0C41000C0B36 /* ErrorResponse1.json in Resources */ = {isa = PBXBuildFile; fileRef = C0727EE1266C0C41000C0B36 /* ErrorResponse1.json */; };
		C0727EE4266C0C6B000C0B36 /* ErrorResponse2.json in Resources */ = {isa = PBXBuildFile; fileRef = C0727EE3266C0C6B000C0B36 /* ErrorResponse2.json */; };
		C0727EE6266C0C90000C0B36 /* ErrorResponse3.json in Resources */ = {isa = PBXBuildFile; fileRef = C0727EE5266C0C90000C0B36 /* ErrorResponse3.json */; };
		C0727EEA266C0F46000C0B36 /* UserLoginTests.swift in Sources */ = {isa = PBXBuildFile; fileRef = C0727EE9266C0F46000C0B36 /* UserLoginTests.swift */; };
		C0727EEC266C100F000C0B36 /* ApiKeyExtensions.swift in Sources */ = {isa = PBXBuildFile; fileRef = C0727EEB266C100F000C0B36 /* ApiKeyExtensions.swift */; };
		C0727EEE266C1131000C0B36 /* ErrorResponseTests.swift in Sources */ = {isa = PBXBuildFile; fileRef = C0727EED266C1131000C0B36 /* ErrorResponseTests.swift */; };
		C0727EF0266C13AC000C0B36 /* SLClientInitTests.swift in Sources */ = {isa = PBXBuildFile; fileRef = C0727EEF266C13AC000C0B36 /* SLClientInitTests.swift */; };
		C0727EF2266C188D000C0B36 /* SLClientErrorExtensions.swift in Sources */ = {isa = PBXBuildFile; fileRef = C0727EF1266C188D000C0B36 /* SLClientErrorExtensions.swift */; };
		C0727EF4266C18E7000C0B36 /* ErrorResponseExtensions.swift in Sources */ = {isa = PBXBuildFile; fileRef = C0727EF3266C18E7000C0B36 /* ErrorResponseExtensions.swift */; };
		C0727EF6266C1B3D000C0B36 /* Dummy.json in Resources */ = {isa = PBXBuildFile; fileRef = C0727EF5266C1B3D000C0B36 /* Dummy.json */; };
		C07DB02D270E33FE00AE3969 /* MailboxLite.swift in Sources */ = {isa = PBXBuildFile; fileRef = C07DB02C270E33FE00AE3969 /* MailboxLite.swift */; };
		C07DB02F270E346800AE3969 /* AliasLatestActivity.swift in Sources */ = {isa = PBXBuildFile; fileRef = C07DB02E270E346800AE3969 /* AliasLatestActivity.swift */; };
		C07DB031270E352300AE3969 /* ContactLite.swift in Sources */ = {isa = PBXBuildFile; fileRef = C07DB030270E352300AE3969 /* ContactLite.swift */; };
		C07DB033270E3B8000AE3969 /* Alias.json in Resources */ = {isa = PBXBuildFile; fileRef = C07DB032270E3B8000AE3969 /* Alias.json */; };
		C07DB035270E3C2C00AE3969 /* AliasTests.swift in Sources */ = {isa = PBXBuildFile; fileRef = C07DB034270E3C2C00AE3969 /* AliasTests.swift */; };
		C07DB038270E430600AE3969 /* AliasCreationOptions.swift in Sources */ = {isa = PBXBuildFile; fileRef = C07DB036270E42C400AE3969 /* AliasCreationOptions.swift */; };
		C07DB03E270E463100AE3969 /* AliasRandomOptions.swift in Sources */ = {isa = PBXBuildFile; fileRef = C07DB03C270E462E00AE3969 /* AliasRandomOptions.swift */; };
		C0AC942E271F58E90036E694 /* CustomDomainUpdateOption.swift in Sources */ = {isa = PBXBuildFile; fileRef = C0AC942D271F58E90036E694 /* CustomDomainUpdateOption.swift */; };
		C0AC9430271F5F080036E694 /* DeletedAlias.swift in Sources */ = {isa = PBXBuildFile; fileRef = C0AC942F271F5F080036E694 /* DeletedAlias.swift */; };
		C0CE57E22720AD4700EC79C8 /* UserSettings.swift in Sources */ = {isa = PBXBuildFile; fileRef = C0CE57E12720AD4700EC79C8 /* UserSettings.swift */; };
		C0CE57E42720AEF200EC79C8 /* UserSettings.json in Resources */ = {isa = PBXBuildFile; fileRef = C0CE57E32720AEF200EC79C8 /* UserSettings.json */; };
		C0CE57E62720AF1B00EC79C8 /* UserSettingsTests.swift in Sources */ = {isa = PBXBuildFile; fileRef = C0CE57E52720AF1B00EC79C8 /* UserSettingsTests.swift */; };
		C0CE57E82720B24F00EC79C8 /* UserSettingsUpdateOption.swift in Sources */ = {isa = PBXBuildFile; fileRef = C0CE57E72720B24F00EC79C8 /* UserSettingsUpdateOption.swift */; };
		C0CE57EA2720B3B700EC79C8 /* UsableDomain.swift in Sources */ = {isa = PBXBuildFile; fileRef = C0CE57E92720B3B700EC79C8 /* UsableDomain.swift */; };
		C0CE57EC2720B43700EC79C8 /* UsableDomain.json in Resources */ = {isa = PBXBuildFile; fileRef = C0CE57EB2720B43700EC79C8 /* UsableDomain.json */; };
		C0CE57EE2720B45D00EC79C8 /* UsableDomainTests.swift in Sources */ = {isa = PBXBuildFile; fileRef = C0CE57ED2720B45C00EC79C8 /* UsableDomainTests.swift */; };
		C0E9C3DF2790C4B600D1A463 /* UpdateResponse.swift in Sources */ = {isa = PBXBuildFile; fileRef = C0E9C3DE2790C4B600D1A463 /* UpdateResponse.swift */; };
		C0FDCCD02739CD1000370096 /* BlockForward1.json in Resources */ = {isa = PBXBuildFile; fileRef = C0FDCCCF2739CD1000370096 /* BlockForward1.json */; };
		C0FDCCD22739CD2800370096 /* BlockForward2.json in Resources */ = {isa = PBXBuildFile; fileRef = C0FDCCD12739CD2800370096 /* BlockForward2.json */; };
		C0FDCCD42739CDBF00370096 /* BlockForwardTests.swift in Sources */ = {isa = PBXBuildFile; fileRef = C0FDCCD32739CDBF00370096 /* BlockForwardTests.swift */; };
		EF1209F42812DA2700D0362F /* CustomDomainUpdate.json in Resources */ = {isa = PBXBuildFile; fileRef = EF1209F32812DA2700D0362F /* CustomDomainUpdate.json */; };
/* End PBXBuildFile section */

/* Begin PBXContainerItemProxy section */
		C031FF1626638F030098E474 /* PBXContainerItemProxy */ = {
			isa = PBXContainerItemProxy;
			containerPortal = C031FF0226638F030098E474 /* Project object */;
			proxyType = 1;
			remoteGlobalIDString = C031FF0A26638F030098E474;
			remoteInfo = "Swift Package";
		};
/* End PBXContainerItemProxy section */

/* Begin PBXFileReference section */
		354899CE28A641F800E9B7FF /* UserInfoTests.swift */ = {isa = PBXFileReference; lastKnownFileType = sourcecode.swift; path = UserInfoTests.swift; sourceTree = "<group>"; };
		354899D028A647B100E9B7FF /* Token.swift */ = {isa = PBXFileReference; lastKnownFileType = sourcecode.swift; path = Token.swift; sourceTree = "<group>"; };
		354899D228A6480700E9B7FF /* Token.json */ = {isa = PBXFileReference; lastKnownFileType = text.json; path = Token.json; sourceTree = "<group>"; };
		354899D428A6482A00E9B7FF /* TokenTests.swift */ = {isa = PBXFileReference; lastKnownFileType = sourcecode.swift; path = TokenTests.swift; sourceTree = "<group>"; };
		35CF7FD328FDA04E00214B10 /* MFAEndpoint.swift */ = {isa = PBXFileReference; lastKnownFileType = sourcecode.swift; path = MFAEndpoint.swift; sourceTree = "<group>"; };
		35CF7FD528FDA3ED00214B10 /* RegisterEndpoint.swift */ = {isa = PBXFileReference; lastKnownFileType = sourcecode.swift; path = RegisterEndpoint.swift; sourceTree = "<group>"; };
		35CF7FD728FDA52D00214B10 /* ActivateEndpoint.swift */ = {isa = PBXFileReference; lastKnownFileType = sourcecode.swift; path = ActivateEndpoint.swift; sourceTree = "<group>"; };
		35CF7FD928FDA64600214B10 /* ReactivateEndpoint.swift */ = {isa = PBXFileReference; lastKnownFileType = sourcecode.swift; path = ReactivateEndpoint.swift; sourceTree = "<group>"; };
		35CF7FDB28FDA73C00214B10 /* ForgotPasswordEndpoint.swift */ = {isa = PBXFileReference; lastKnownFileType = sourcecode.swift; path = ForgotPasswordEndpoint.swift; sourceTree = "<group>"; };
		35CF7FDD28FDA85C00214B10 /* GetUserInfoEndpoint.swift */ = {isa = PBXFileReference; lastKnownFileType = sourcecode.swift; path = GetUserInfoEndpoint.swift; sourceTree = "<group>"; };
		35CF7FE028FDABDC00214B10 /* GetAliasOptionsEndpoint.swift */ = {isa = PBXFileReference; lastKnownFileType = sourcecode.swift; path = GetAliasOptionsEndpoint.swift; sourceTree = "<group>"; };
		35CF7FE228FDACBB00214B10 /* CreateAliasEndpoint.swift */ = {isa = PBXFileReference; lastKnownFileType = sourcecode.swift; path = CreateAliasEndpoint.swift; sourceTree = "<group>"; };
		35CF7FE528FDB04500214B10 /* GetMailboxesEndpoint.swift */ = {isa = PBXFileReference; lastKnownFileType = sourcecode.swift; path = GetMailboxesEndpoint.swift; sourceTree = "<group>"; };
		35CF7FE728FDB23C00214B10 /* RandomAliasEndpoint.swift */ = {isa = PBXFileReference; lastKnownFileType = sourcecode.swift; path = RandomAliasEndpoint.swift; sourceTree = "<group>"; };
		35CF7FE928FDB42F00214B10 /* GetAliasesEndpoint.swift */ = {isa = PBXFileReference; lastKnownFileType = sourcecode.swift; path = GetAliasesEndpoint.swift; sourceTree = "<group>"; };
		35CF7FEB28FDB69400214B10 /* GetAliasEndpoint.swift */ = {isa = PBXFileReference; lastKnownFileType = sourcecode.swift; path = GetAliasEndpoint.swift; sourceTree = "<group>"; };
		35CF7FED28FDB7B300214B10 /* DeleteAliasEndpoint.swift */ = {isa = PBXFileReference; lastKnownFileType = sourcecode.swift; path = DeleteAliasEndpoint.swift; sourceTree = "<group>"; };
		35CF7FEF28FDB88800214B10 /* ToggleAliasEndpoint.swift */ = {isa = PBXFileReference; lastKnownFileType = sourcecode.swift; path = ToggleAliasEndpoint.swift; sourceTree = "<group>"; };
		35EA796828FE7D4500BF2D34 /* GetActivitiesEndpoint.swift */ = {isa = PBXFileReference; lastKnownFileType = sourcecode.swift; path = GetActivitiesEndpoint.swift; sourceTree = "<group>"; };
		35EA796A28FE7F9500BF2D34 /* UpdateAliasEndpoint.swift */ = {isa = PBXFileReference; lastKnownFileType = sourcecode.swift; path = UpdateAliasEndpoint.swift; sourceTree = "<group>"; };
		35EA796C28FE83D400BF2D34 /* GetContactsEndpoint.swift */ = {isa = PBXFileReference; lastKnownFileType = sourcecode.swift; path = GetContactsEndpoint.swift; sourceTree = "<group>"; };
		35F8D30228FD8A670000AA0E /* APIService.swift */ = {isa = PBXFileReference; lastKnownFileType = sourcecode.swift; path = APIService.swift; sourceTree = "<group>"; };
		35F8D30428FD8AD30000AA0E /* EndpointV2.swift */ = {isa = PBXFileReference; lastKnownFileType = sourcecode.swift; path = EndpointV2.swift; sourceTree = "<group>"; };
		35F8D30828FD8E9E0000AA0E /* LogInEndpoint.swift */ = {isa = PBXFileReference; lastKnownFileType = sourcecode.swift; path = LogInEndpoint.swift; sourceTree = "<group>"; };
		C0012DA5271779FA00D18A7D /* DeletedResponse.swift */ = {isa = PBXFileReference; lastKnownFileType = sourcecode.swift; path = DeletedResponse.swift; sourceTree = "<group>"; };
		C0012DA727177AB300D18A7D /* EnabledResponse.swift */ = {isa = PBXFileReference; lastKnownFileType = sourcecode.swift; path = EnabledResponse.swift; sourceTree = "<group>"; };
		C0012DA9271780EC00D18A7D /* AliasActivity.swift */ = {isa = PBXFileReference; lastKnownFileType = sourcecode.swift; path = AliasActivity.swift; sourceTree = "<group>"; };
		C0012DAB2717815100D18A7D /* ActivityAction.swift */ = {isa = PBXFileReference; lastKnownFileType = sourcecode.swift; path = ActivityAction.swift; sourceTree = "<group>"; };
		C0012DAD2717838000D18A7D /* AliasActivity.json */ = {isa = PBXFileReference; lastKnownFileType = text.json; path = AliasActivity.json; sourceTree = "<group>"; };
		C0012DAF271783AD00D18A7D /* AliasActivityTests.swift */ = {isa = PBXFileReference; lastKnownFileType = sourcecode.swift; path = AliasActivityTests.swift; sourceTree = "<group>"; };
		C00B2CF5266ACCFA008E7108 /* ApiKey.swift */ = {isa = PBXFileReference; lastKnownFileType = sourcecode.swift; path = ApiKey.swift; sourceTree = "<group>"; };
		C00B2CF7266ACD2F008E7108 /* SLClient.swift */ = {isa = PBXFileReference; lastKnownFileType = sourcecode.swift; path = SLClient.swift; sourceTree = "<group>"; };
		C00B2CFA266ACD8E008E7108 /* AccountEndpointsTests.swift */ = {isa = PBXFileReference; lastKnownFileType = sourcecode.swift; path = AccountEndpointsTests.swift; sourceTree = "<group>"; };
		C00B2CFE266ACDA8008E7108 /* UserInfo1.json */ = {isa = PBXFileReference; lastKnownFileType = text.json; path = UserInfo1.json; sourceTree = "<group>"; };
		C00B2D00266ACDBB008E7108 /* UserInfo2.json */ = {isa = PBXFileReference; lastKnownFileType = text.json; path = UserInfo2.json; sourceTree = "<group>"; };
		C00B2D02266ACDD8008E7108 /* MockedData.swift */ = {isa = PBXFileReference; lastKnownFileType = sourcecode.swift; path = MockedData.swift; sourceTree = "<group>"; };
		C0126D0127AED57900B489E8 /* AliasEndpointsTests.swift */ = {isa = PBXFileReference; fileEncoding = 4; lastKnownFileType = sourcecode.swift; path = AliasEndpointsTests.swift; sourceTree = "<group>"; };
		C01CCD15271DFD3500B84B63 /* AliasUpdateOption.swift */ = {isa = PBXFileReference; lastKnownFileType = sourcecode.swift; path = AliasUpdateOption.swift; sourceTree = "<group>"; };
		C01CCD17271E019F00B84B63 /* Contact.swift */ = {isa = PBXFileReference; lastKnownFileType = sourcecode.swift; path = Contact.swift; sourceTree = "<group>"; };
		C01CCD1B271E02A200B84B63 /* Contact1.json */ = {isa = PBXFileReference; lastKnownFileType = text.json; path = Contact1.json; sourceTree = "<group>"; };
		C01CCD1D271E02B100B84B63 /* Contact2.json */ = {isa = PBXFileReference; lastKnownFileType = text.json; path = Contact2.json; sourceTree = "<group>"; };
		C01CCD1F271E02DE00B84B63 /* ContactTests.swift */ = {isa = PBXFileReference; lastKnownFileType = sourcecode.swift; path = ContactTests.swift; sourceTree = "<group>"; };
		C01CCD21271E095800B84B63 /* Mailbox.swift */ = {isa = PBXFileReference; lastKnownFileType = sourcecode.swift; path = Mailbox.swift; sourceTree = "<group>"; };
		C01CCD23271E0A7900B84B63 /* Mailbox.json */ = {isa = PBXFileReference; lastKnownFileType = text.json; path = Mailbox.json; sourceTree = "<group>"; };
		C01CCD25271E0AA300B84B63 /* MailboxTests.swift */ = {isa = PBXFileReference; lastKnownFileType = sourcecode.swift; path = MailboxTests.swift; sourceTree = "<group>"; };
		C01CCD27271E0EAD00B84B63 /* MailboxUpdateOption.swift */ = {isa = PBXFileReference; lastKnownFileType = sourcecode.swift; path = MailboxUpdateOption.swift; sourceTree = "<group>"; };
		C01CCD2A271E108400B84B63 /* CustomDomain.swift */ = {isa = PBXFileReference; lastKnownFileType = sourcecode.swift; path = CustomDomain.swift; sourceTree = "<group>"; };
		C01CCD2D271E128900B84B63 /* CustomDomain1.json */ = {isa = PBXFileReference; lastKnownFileType = text.json; path = CustomDomain1.json; sourceTree = "<group>"; };
		C01CCD2F271E129600B84B63 /* CustomDomain2.json */ = {isa = PBXFileReference; lastKnownFileType = text.json; path = CustomDomain2.json; sourceTree = "<group>"; };
		C01CCD31271E130500B84B63 /* CustomDomainTests.swift */ = {isa = PBXFileReference; lastKnownFileType = sourcecode.swift; path = CustomDomainTests.swift; sourceTree = "<group>"; };
		C020018126D97B6D0057C345 /* OkResponse.swift */ = {isa = PBXFileReference; lastKnownFileType = sourcecode.swift; path = OkResponse.swift; sourceTree = "<group>"; };
		C020018326D97C100057C345 /* Ok.json */ = {isa = PBXFileReference; lastKnownFileType = text.json; path = Ok.json; sourceTree = "<group>"; };
		C020018526D9815A0057C345 /* UserLogin1.json */ = {isa = PBXFileReference; lastKnownFileType = text.json; path = UserLogin1.json; sourceTree = "<group>"; };
		C020018726D981670057C345 /* UserLogin2.json */ = {isa = PBXFileReference; lastKnownFileType = text.json; path = UserLogin2.json; sourceTree = "<group>"; };
		C02924F5266CB01500AFFE20 /* Mfa.json */ = {isa = PBXFileReference; lastKnownFileType = text.json; path = Mfa.json; sourceTree = "<group>"; };
		C02924F7266CBBC300AFFE20 /* MessageResponse.swift */ = {isa = PBXFileReference; lastKnownFileType = sourcecode.swift; path = MessageResponse.swift; sourceTree = "<group>"; };
		C02924F9266CBC3700AFFE20 /* Message.json */ = {isa = PBXFileReference; lastKnownFileType = text.json; path = Message.json; sourceTree = "<group>"; };
		C02924FB266CBC6800AFFE20 /* MessageResponseTests.swift */ = {isa = PBXFileReference; lastKnownFileType = sourcecode.swift; path = MessageResponseTests.swift; sourceTree = "<group>"; };
		C031FF0B26638F030098E474 /* Swift_Package.framework */ = {isa = PBXFileReference; explicitFileType = wrapper.framework; includeInIndex = 0; path = Swift_Package.framework; sourceTree = BUILT_PRODUCTS_DIR; };
		C031FF0E26638F030098E474 /* Swift_Package.h */ = {isa = PBXFileReference; lastKnownFileType = sourcecode.c.h; path = Swift_Package.h; sourceTree = "<group>"; };
		C031FF0F26638F030098E474 /* Info.plist */ = {isa = PBXFileReference; lastKnownFileType = text.plist.xml; path = Info.plist; sourceTree = "<group>"; };
		C031FF1426638F030098E474 /* Swift PackageTests.xctest */ = {isa = PBXFileReference; explicitFileType = wrapper.cfbundle; includeInIndex = 0; path = "Swift PackageTests.xctest"; sourceTree = BUILT_PRODUCTS_DIR; };
		C031FF1B26638F030098E474 /* Info.plist */ = {isa = PBXFileReference; lastKnownFileType = text.plist.xml; path = Info.plist; sourceTree = "<group>"; };
		C031FF2926638FEF0098E474 /* Alias.swift */ = {isa = PBXFileReference; lastKnownFileType = sourcecode.swift; path = Alias.swift; sourceTree = "<group>"; };
		C03760F426DC0C4700E5ECAC /* ErrorResponse.swift */ = {isa = PBXFileReference; fileEncoding = 4; lastKnownFileType = sourcecode.swift; path = ErrorResponse.swift; sourceTree = "<group>"; };
		C063DCD526F28E0000BDBD5C /* AliasOptions.swift */ = {isa = PBXFileReference; lastKnownFileType = sourcecode.swift; path = AliasOptions.swift; sourceTree = "<group>"; };
		C063DCD726F28E8200BDBD5C /* Suffix.swift */ = {isa = PBXFileReference; lastKnownFileType = sourcecode.swift; path = Suffix.swift; sourceTree = "<group>"; };
		C063DCD926F28F1300BDBD5C /* AliasOptions.json */ = {isa = PBXFileReference; lastKnownFileType = text.json; path = AliasOptions.json; sourceTree = "<group>"; };
		C063DCDB26F28FEF00BDBD5C /* AliasOptionsTests.swift */ = {isa = PBXFileReference; lastKnownFileType = sourcecode.swift; path = AliasOptionsTests.swift; sourceTree = "<group>"; };
		C0727EC4266B596F000C0B36 /* UserInfo.swift */ = {isa = PBXFileReference; lastKnownFileType = sourcecode.swift; path = UserInfo.swift; sourceTree = "<group>"; };
		C0727EC6266B59B7000C0B36 /* UserLogin.swift */ = {isa = PBXFileReference; lastKnownFileType = sourcecode.swift; path = UserLogin.swift; sourceTree = "<group>"; };
		C0727EC8266B5C24000C0B36 /* BaseEndpointsTests.swift */ = {isa = PBXFileReference; lastKnownFileType = sourcecode.swift; path = BaseEndpointsTests.swift; sourceTree = "<group>"; };
		C0727ECC266B6751000C0B36 /* Endpoint.swift */ = {isa = PBXFileReference; lastKnownFileType = sourcecode.swift; path = Endpoint.swift; sourceTree = "<group>"; };
		C0727ED1266B7023000C0B36 /* EndpointTests.swift */ = {isa = PBXFileReference; lastKnownFileType = sourcecode.swift; path = EndpointTests.swift; sourceTree = "<group>"; };
		C0727ED5266B7106000C0B36 /* StringExtensions.swift */ = {isa = PBXFileReference; lastKnownFileType = sourcecode.swift; path = StringExtensions.swift; sourceTree = "<group>"; };
		C0727ED7266B73B6000C0B36 /* URLRequestExtensions.swift */ = {isa = PBXFileReference; lastKnownFileType = sourcecode.swift; path = URLRequestExtensions.swift; sourceTree = "<group>"; };
		C0727EDC266B8C4A000C0B36 /* SLClientError.swift */ = {isa = PBXFileReference; lastKnownFileType = sourcecode.swift; path = SLClientError.swift; sourceTree = "<group>"; };
		C0727EE1266C0C41000C0B36 /* ErrorResponse1.json */ = {isa = PBXFileReference; lastKnownFileType = text.json; path = ErrorResponse1.json; sourceTree = "<group>"; };
		C0727EE3266C0C6B000C0B36 /* ErrorResponse2.json */ = {isa = PBXFileReference; lastKnownFileType = text.json; path = ErrorResponse2.json; sourceTree = "<group>"; };
		C0727EE5266C0C90000C0B36 /* ErrorResponse3.json */ = {isa = PBXFileReference; lastKnownFileType = text.json; path = ErrorResponse3.json; sourceTree = "<group>"; };
		C0727EE9266C0F46000C0B36 /* UserLoginTests.swift */ = {isa = PBXFileReference; lastKnownFileType = sourcecode.swift; path = UserLoginTests.swift; sourceTree = "<group>"; };
		C0727EEB266C100F000C0B36 /* ApiKeyExtensions.swift */ = {isa = PBXFileReference; lastKnownFileType = sourcecode.swift; path = ApiKeyExtensions.swift; sourceTree = "<group>"; };
		C0727EED266C1131000C0B36 /* ErrorResponseTests.swift */ = {isa = PBXFileReference; lastKnownFileType = sourcecode.swift; path = ErrorResponseTests.swift; sourceTree = "<group>"; };
		C0727EEF266C13AC000C0B36 /* SLClientInitTests.swift */ = {isa = PBXFileReference; lastKnownFileType = sourcecode.swift; path = SLClientInitTests.swift; sourceTree = "<group>"; };
		C0727EF1266C188D000C0B36 /* SLClientErrorExtensions.swift */ = {isa = PBXFileReference; lastKnownFileType = sourcecode.swift; path = SLClientErrorExtensions.swift; sourceTree = "<group>"; };
		C0727EF3266C18E7000C0B36 /* ErrorResponseExtensions.swift */ = {isa = PBXFileReference; lastKnownFileType = sourcecode.swift; path = ErrorResponseExtensions.swift; sourceTree = "<group>"; };
		C0727EF5266C1B3D000C0B36 /* Dummy.json */ = {isa = PBXFileReference; lastKnownFileType = text.json; path = Dummy.json; sourceTree = "<group>"; };
		C07DB02C270E33FE00AE3969 /* MailboxLite.swift */ = {isa = PBXFileReference; lastKnownFileType = sourcecode.swift; path = MailboxLite.swift; sourceTree = "<group>"; };
		C07DB02E270E346800AE3969 /* AliasLatestActivity.swift */ = {isa = PBXFileReference; lastKnownFileType = sourcecode.swift; path = AliasLatestActivity.swift; sourceTree = "<group>"; };
		C07DB030270E352300AE3969 /* ContactLite.swift */ = {isa = PBXFileReference; lastKnownFileType = sourcecode.swift; path = ContactLite.swift; sourceTree = "<group>"; };
		C07DB032270E3B8000AE3969 /* Alias.json */ = {isa = PBXFileReference; lastKnownFileType = text.json; path = Alias.json; sourceTree = "<group>"; };
		C07DB034270E3C2C00AE3969 /* AliasTests.swift */ = {isa = PBXFileReference; lastKnownFileType = sourcecode.swift; path = AliasTests.swift; sourceTree = "<group>"; };
		C07DB036270E42C400AE3969 /* AliasCreationOptions.swift */ = {isa = PBXFileReference; lastKnownFileType = sourcecode.swift; path = AliasCreationOptions.swift; sourceTree = "<group>"; };
		C07DB03C270E462E00AE3969 /* AliasRandomOptions.swift */ = {isa = PBXFileReference; lastKnownFileType = sourcecode.swift; path = AliasRandomOptions.swift; sourceTree = "<group>"; };
		C0AC942D271F58E90036E694 /* CustomDomainUpdateOption.swift */ = {isa = PBXFileReference; lastKnownFileType = sourcecode.swift; path = CustomDomainUpdateOption.swift; sourceTree = "<group>"; };
		C0AC942F271F5F080036E694 /* DeletedAlias.swift */ = {isa = PBXFileReference; lastKnownFileType = sourcecode.swift; path = DeletedAlias.swift; sourceTree = "<group>"; };
		C0CE57E12720AD4700EC79C8 /* UserSettings.swift */ = {isa = PBXFileReference; lastKnownFileType = sourcecode.swift; path = UserSettings.swift; sourceTree = "<group>"; };
		C0CE57E32720AEF200EC79C8 /* UserSettings.json */ = {isa = PBXFileReference; lastKnownFileType = text.json; path = UserSettings.json; sourceTree = "<group>"; };
		C0CE57E52720AF1B00EC79C8 /* UserSettingsTests.swift */ = {isa = PBXFileReference; lastKnownFileType = sourcecode.swift; path = UserSettingsTests.swift; sourceTree = "<group>"; };
		C0CE57E72720B24F00EC79C8 /* UserSettingsUpdateOption.swift */ = {isa = PBXFileReference; lastKnownFileType = sourcecode.swift; path = UserSettingsUpdateOption.swift; sourceTree = "<group>"; };
		C0CE57E92720B3B700EC79C8 /* UsableDomain.swift */ = {isa = PBXFileReference; lastKnownFileType = sourcecode.swift; path = UsableDomain.swift; sourceTree = "<group>"; };
		C0CE57EB2720B43700EC79C8 /* UsableDomain.json */ = {isa = PBXFileReference; lastKnownFileType = text.json; path = UsableDomain.json; sourceTree = "<group>"; };
		C0CE57ED2720B45C00EC79C8 /* UsableDomainTests.swift */ = {isa = PBXFileReference; lastKnownFileType = sourcecode.swift; path = UsableDomainTests.swift; sourceTree = "<group>"; };
		C0E9C3DE2790C4B600D1A463 /* UpdateResponse.swift */ = {isa = PBXFileReference; lastKnownFileType = sourcecode.swift; path = UpdateResponse.swift; sourceTree = "<group>"; };
		C0FDCCCF2739CD1000370096 /* BlockForward1.json */ = {isa = PBXFileReference; lastKnownFileType = text.json; path = BlockForward1.json; sourceTree = "<group>"; };
		C0FDCCD12739CD2800370096 /* BlockForward2.json */ = {isa = PBXFileReference; lastKnownFileType = text.json; path = BlockForward2.json; sourceTree = "<group>"; };
		C0FDCCD32739CDBF00370096 /* BlockForwardTests.swift */ = {isa = PBXFileReference; lastKnownFileType = sourcecode.swift; path = BlockForwardTests.swift; sourceTree = "<group>"; };
		EF1209F32812DA2700D0362F /* CustomDomainUpdate.json */ = {isa = PBXFileReference; lastKnownFileType = text.json; path = CustomDomainUpdate.json; sourceTree = "<group>"; };
/* End PBXFileReference section */

/* Begin PBXFrameworksBuildPhase section */
		C031FF0826638F030098E474 /* Frameworks */ = {
			isa = PBXFrameworksBuildPhase;
			buildActionMask = 2147483647;
			files = (
				3572F5C828914F7600A85837 /* Mocker in Frameworks */,
			);
			runOnlyForDeploymentPostprocessing = 0;
		};
		C031FF1126638F030098E474 /* Frameworks */ = {
			isa = PBXFrameworksBuildPhase;
			buildActionMask = 2147483647;
			files = (
				C031FF1526638F030098E474 /* Swift_Package.framework in Frameworks */,
			);
			runOnlyForDeploymentPostprocessing = 0;
		};
/* End PBXFrameworksBuildPhase section */

/* Begin PBXGroup section */
		35CF7FDF28FDABBD00214B10 /* Alias */ = {
			isa = PBXGroup;
			children = (
				35CF7FE228FDACBB00214B10 /* CreateAliasEndpoint.swift */,
				35CF7FED28FDB7B300214B10 /* DeleteAliasEndpoint.swift */,
				35EA796828FE7D4500BF2D34 /* GetActivitiesEndpoint.swift */,
				35CF7FEB28FDB69400214B10 /* GetAliasEndpoint.swift */,
				35CF7FE928FDB42F00214B10 /* GetAliasesEndpoint.swift */,
				35CF7FE028FDABDC00214B10 /* GetAliasOptionsEndpoint.swift */,
				35EA796C28FE83D400BF2D34 /* GetContactsEndpoint.swift */,
				35CF7FE728FDB23C00214B10 /* RandomAliasEndpoint.swift */,
				35CF7FEF28FDB88800214B10 /* ToggleAliasEndpoint.swift */,
				35EA796A28FE7F9500BF2D34 /* UpdateAliasEndpoint.swift */,
			);
			path = Alias;
			sourceTree = "<group>";
		};
		35CF7FE428FDB02400214B10 /* Mailbox */ = {
			isa = PBXGroup;
			children = (
				35CF7FE528FDB04500214B10 /* GetMailboxesEndpoint.swift */,
			);
			path = Mailbox;
			sourceTree = "<group>";
		};
		35F8D30628FD8E1B0000AA0E /* Endpoints */ = {
			isa = PBXGroup;
			children = (
				35F8D30728FD8E820000AA0E /* Account */,
				35CF7FDF28FDABBD00214B10 /* Alias */,
				35CF7FE428FDB02400214B10 /* Mailbox */,
			);
			path = Endpoints;
			sourceTree = "<group>";
		};
		35F8D30728FD8E820000AA0E /* Account */ = {
			isa = PBXGroup;
			children = (
				35CF7FD728FDA52D00214B10 /* ActivateEndpoint.swift */,
				35CF7FDB28FDA73C00214B10 /* ForgotPasswordEndpoint.swift */,
				35CF7FDD28FDA85C00214B10 /* GetUserInfoEndpoint.swift */,
				35F8D30828FD8E9E0000AA0E /* LogInEndpoint.swift */,
				35CF7FD328FDA04E00214B10 /* MFAEndpoint.swift */,
				35CF7FD928FDA64600214B10 /* ReactivateEndpoint.swift */,
				35CF7FD528FDA3ED00214B10 /* RegisterEndpoint.swift */,
			);
			path = Account;
			sourceTree = "<group>";
		};
		C00B2CFC266ACD91008E7108 /* Resources */ = {
			isa = PBXGroup;
			children = (
				C00B2CFD266ACD97008E7108 /* Json */,
			);
			path = Resources;
			sourceTree = "<group>";
		};
		C00B2CFD266ACD97008E7108 /* Json */ = {
			isa = PBXGroup;
			children = (
				C00B2D02266ACDD8008E7108 /* MockedData.swift */,
				C07DB032270E3B8000AE3969 /* Alias.json */,
				C0012DAD2717838000D18A7D /* AliasActivity.json */,
				C063DCD926F28F1300BDBD5C /* AliasOptions.json */,
				C01CCD1B271E02A200B84B63 /* Contact1.json */,
				C01CCD1D271E02B100B84B63 /* Contact2.json */,
				C01CCD2D271E128900B84B63 /* CustomDomain1.json */,
				C01CCD2F271E129600B84B63 /* CustomDomain2.json */,
				EF1209F32812DA2700D0362F /* CustomDomainUpdate.json */,
				C0FDCCCF2739CD1000370096 /* BlockForward1.json */,
				C0FDCCD12739CD2800370096 /* BlockForward2.json */,
				C0727EF5266C1B3D000C0B36 /* Dummy.json */,
				C0727EE1266C0C41000C0B36 /* ErrorResponse1.json */,
				C0727EE3266C0C6B000C0B36 /* ErrorResponse2.json */,
				C0727EE5266C0C90000C0B36 /* ErrorResponse3.json */,
				C01CCD23271E0A7900B84B63 /* Mailbox.json */,
				C02924F9266CBC3700AFFE20 /* Message.json */,
				C02924F5266CB01500AFFE20 /* Mfa.json */,
				C020018326D97C100057C345 /* Ok.json */,
				354899D228A6480700E9B7FF /* Token.json */,
				C0CE57EB2720B43700EC79C8 /* UsableDomain.json */,
				C00B2CFE266ACDA8008E7108 /* UserInfo1.json */,
				C00B2D00266ACDBB008E7108 /* UserInfo2.json */,
				C020018526D9815A0057C345 /* UserLogin1.json */,
				C020018726D981670057C345 /* UserLogin2.json */,
				C0CE57E32720AEF200EC79C8 /* UserSettings.json */,
			);
			path = Json;
			sourceTree = "<group>";
		};
		C02924F4266C97DC00AFFE20 /* Endpoints Tests */ = {
			isa = PBXGroup;
			children = (
				C0126D0127AED57900B489E8 /* AliasEndpointsTests.swift */,
				C0727EC8266B5C24000C0B36 /* BaseEndpointsTests.swift */,
				C00B2CFA266ACD8E008E7108 /* AccountEndpointsTests.swift */,
			);
			path = "Endpoints Tests";
			sourceTree = "<group>";
		};
		C031FF0126638F030098E474 = {
			isa = PBXGroup;
			children = (
				C031FF2526638F5B0098E474 /* Sources */,
				C031FF0D26638F030098E474 /* Swift Package */,
				C031FF1826638F030098E474 /* Swift PackageTests */,
				C031FF0C26638F030098E474 /* Products */,
			);
			sourceTree = "<group>";
		};
		C031FF0C26638F030098E474 /* Products */ = {
			isa = PBXGroup;
			children = (
				C031FF0B26638F030098E474 /* Swift_Package.framework */,
				C031FF1426638F030098E474 /* Swift PackageTests.xctest */,
			);
			name = Products;
			sourceTree = "<group>";
		};
		C031FF0D26638F030098E474 /* Swift Package */ = {
			isa = PBXGroup;
			children = (
				C031FF0E26638F030098E474 /* Swift_Package.h */,
				C031FF0F26638F030098E474 /* Info.plist */,
			);
			path = "Swift Package";
			sourceTree = "<group>";
		};
		C031FF1826638F030098E474 /* Swift PackageTests */ = {
			isa = PBXGroup;
			children = (
				C0727EE7266C0F28000C0B36 /* Models */,
				C0727EE8266C0F2F000C0B36 /* Networking */,
				C00B2CFC266ACD91008E7108 /* Resources */,
				C0727ED3266B70E5000C0B36 /* Test Types */,
				C031FF1B26638F030098E474 /* Info.plist */,
			);
			path = "Swift PackageTests";
			sourceTree = "<group>";
		};
		C031FF2526638F5B0098E474 /* Sources */ = {
			isa = PBXGroup;
			children = (
				C031FF2626638F6E0098E474 /* SimpleLoginPackage */,
			);
			path = Sources;
			sourceTree = "<group>";
		};
		C031FF2626638F6E0098E474 /* SimpleLoginPackage */ = {
			isa = PBXGroup;
			children = (
				C031FF2726638FCA0098E474 /* Model */,
				C031FF2826638FD20098E474 /* Networking */,
			);
			path = SimpleLoginPackage;
			sourceTree = "<group>";
		};
		C031FF2726638FCA0098E474 /* Model */ = {
			isa = PBXGroup;
			children = (
				C0012DAB2717815100D18A7D /* ActivityAction.swift */,
				C031FF2926638FEF0098E474 /* Alias.swift */,
				C0012DA9271780EC00D18A7D /* AliasActivity.swift */,
				C07DB036270E42C400AE3969 /* AliasCreationOptions.swift */,
				C07DB02E270E346800AE3969 /* AliasLatestActivity.swift */,
				C063DCD526F28E0000BDBD5C /* AliasOptions.swift */,
				C07DB03C270E462E00AE3969 /* AliasRandomOptions.swift */,
				C01CCD15271DFD3500B84B63 /* AliasUpdateOption.swift */,
				C00B2CF5266ACCFA008E7108 /* ApiKey.swift */,
				C01CCD17271E019F00B84B63 /* Contact.swift */,
				C07DB030270E352300AE3969 /* ContactLite.swift */,
				C01CCD2A271E108400B84B63 /* CustomDomain.swift */,
				C0AC942D271F58E90036E694 /* CustomDomainUpdateOption.swift */,
				C0AC942F271F5F080036E694 /* DeletedAlias.swift */,
				C0012DA5271779FA00D18A7D /* DeletedResponse.swift */,
				C0012DA727177AB300D18A7D /* EnabledResponse.swift */,
				C03760F426DC0C4700E5ECAC /* ErrorResponse.swift */,
				C01CCD21271E095800B84B63 /* Mailbox.swift */,
				C07DB02C270E33FE00AE3969 /* MailboxLite.swift */,
				C01CCD27271E0EAD00B84B63 /* MailboxUpdateOption.swift */,
				C02924F7266CBBC300AFFE20 /* MessageResponse.swift */,
				C020018126D97B6D0057C345 /* OkResponse.swift */,
				C063DCD726F28E8200BDBD5C /* Suffix.swift */,
				354899D028A647B100E9B7FF /* Token.swift */,
				C0E9C3DE2790C4B600D1A463 /* UpdateResponse.swift */,
				C0CE57E92720B3B700EC79C8 /* UsableDomain.swift */,
				C0727EC4266B596F000C0B36 /* UserInfo.swift */,
				C0727EC6266B59B7000C0B36 /* UserLogin.swift */,
				C0CE57E12720AD4700EC79C8 /* UserSettings.swift */,
				C0CE57E72720B24F00EC79C8 /* UserSettingsUpdateOption.swift */,
			);
			path = Model;
			sourceTree = "<group>";
		};
		C031FF2826638FD20098E474 /* Networking */ = {
			isa = PBXGroup;
			children = (
				35F8D30628FD8E1B0000AA0E /* Endpoints */,
				35F8D30228FD8A670000AA0E /* APIService.swift */,
				35F8D30428FD8AD30000AA0E /* EndpointV2.swift */,
				C0727ECC266B6751000C0B36 /* Endpoint.swift */,
				C00B2CF7266ACD2F008E7108 /* SLClient.swift */,
				C0727EDC266B8C4A000C0B36 /* SLClientError.swift */,
			);
			path = Networking;
			sourceTree = "<group>";
		};
		C0727ED3266B70E5000C0B36 /* Test Types */ = {
			isa = PBXGroup;
			children = (
				C0727ED4266B70F1000C0B36 /* Extensions */,
			);
			path = "Test Types";
			sourceTree = "<group>";
		};
		C0727ED4266B70F1000C0B36 /* Extensions */ = {
			isa = PBXGroup;
			children = (
				C0727EEB266C100F000C0B36 /* ApiKeyExtensions.swift */,
				C0727EF3266C18E7000C0B36 /* ErrorResponseExtensions.swift */,
				C0727ED5266B7106000C0B36 /* StringExtensions.swift */,
				C0727EF1266C188D000C0B36 /* SLClientErrorExtensions.swift */,
				C0727ED7266B73B6000C0B36 /* URLRequestExtensions.swift */,
			);
			path = Extensions;
			sourceTree = "<group>";
		};
		C0727EE7266C0F28000C0B36 /* Models */ = {
			isa = PBXGroup;
			children = (
				C07DB034270E3C2C00AE3969 /* AliasTests.swift */,
				C0012DAF271783AD00D18A7D /* AliasActivityTests.swift */,
				C063DCDB26F28FEF00BDBD5C /* AliasOptionsTests.swift */,
				C01CCD1F271E02DE00B84B63 /* ContactTests.swift */,
				C01CCD31271E130500B84B63 /* CustomDomainTests.swift */,
				C0FDCCD32739CDBF00370096 /* BlockForwardTests.swift */,
				C0727EED266C1131000C0B36 /* ErrorResponseTests.swift */,
				C01CCD25271E0AA300B84B63 /* MailboxTests.swift */,
				C02924FB266CBC6800AFFE20 /* MessageResponseTests.swift */,
				354899D428A6482A00E9B7FF /* TokenTests.swift */,
				C0CE57ED2720B45C00EC79C8 /* UsableDomainTests.swift */,
				354899CE28A641F800E9B7FF /* UserInfoTests.swift */,
				C0727EE9266C0F46000C0B36 /* UserLoginTests.swift */,
				C0CE57E52720AF1B00EC79C8 /* UserSettingsTests.swift */,
			);
			path = Models;
			sourceTree = "<group>";
		};
		C0727EE8266C0F2F000C0B36 /* Networking */ = {
			isa = PBXGroup;
			children = (
				C02924F4266C97DC00AFFE20 /* Endpoints Tests */,
				C0727ED1266B7023000C0B36 /* EndpointTests.swift */,
				C0727EEF266C13AC000C0B36 /* SLClientInitTests.swift */,
			);
			path = Networking;
			sourceTree = "<group>";
		};
/* End PBXGroup section */

/* Begin PBXHeadersBuildPhase section */
		C031FF0626638F030098E474 /* Headers */ = {
			isa = PBXHeadersBuildPhase;
			buildActionMask = 2147483647;
			files = (
				C031FF1C26638F030098E474 /* Swift_Package.h in Headers */,
			);
			runOnlyForDeploymentPostprocessing = 0;
		};
/* End PBXHeadersBuildPhase section */

/* Begin PBXNativeTarget section */
		C031FF0A26638F030098E474 /* Swift Package */ = {
			isa = PBXNativeTarget;
			buildConfigurationList = C031FF1F26638F030098E474 /* Build configuration list for PBXNativeTarget "Swift Package" */;
			buildPhases = (
				C031FF0626638F030098E474 /* Headers */,
				C031FF0726638F030098E474 /* Sources */,
				C031FF0826638F030098E474 /* Frameworks */,
				C031FF0926638F030098E474 /* Resources */,
				C0727ECF266B6B8A000C0B36 /* ShellScript */,
			);
			buildRules = (
			);
			dependencies = (
			);
			name = "Swift Package";
			packageProductDependencies = (
				3572F5C728914F7600A85837 /* Mocker */,
			);
			productName = "Swift Package";
			productReference = C031FF0B26638F030098E474 /* Swift_Package.framework */;
			productType = "com.apple.product-type.framework";
		};
		C031FF1326638F030098E474 /* Swift PackageTests */ = {
			isa = PBXNativeTarget;
			buildConfigurationList = C031FF2226638F030098E474 /* Build configuration list for PBXNativeTarget "Swift PackageTests" */;
			buildPhases = (
				C031FF1026638F030098E474 /* Sources */,
				C031FF1126638F030098E474 /* Frameworks */,
				C031FF1226638F030098E474 /* Resources */,
			);
			buildRules = (
			);
			dependencies = (
				C031FF1726638F030098E474 /* PBXTargetDependency */,
			);
			name = "Swift PackageTests";
			productName = "Swift PackageTests";
			productReference = C031FF1426638F030098E474 /* Swift PackageTests.xctest */;
			productType = "com.apple.product-type.bundle.unit-test";
		};
/* End PBXNativeTarget section */

/* Begin PBXProject section */
		C031FF0226638F030098E474 /* Project object */ = {
			isa = PBXProject;
			attributes = {
				LastSwiftUpdateCheck = 1250;
				LastUpgradeCheck = 1250;
				TargetAttributes = {
					C031FF0A26638F030098E474 = {
						CreatedOnToolsVersion = 12.5;
						LastSwiftMigration = 1250;
					};
					C031FF1326638F030098E474 = {
						CreatedOnToolsVersion = 12.5;
						LastSwiftMigration = 1250;
					};
				};
			};
			buildConfigurationList = C031FF0526638F030098E474 /* Build configuration list for PBXProject "Swift Package" */;
			compatibilityVersion = "Xcode 9.3";
			developmentRegion = en;
			hasScannedForEncodings = 0;
			knownRegions = (
				en,
				Base,
			);
			mainGroup = C031FF0126638F030098E474;
			packageReferences = (
				3572F5C628914F7600A85837 /* XCRemoteSwiftPackageReference "Mocker" */,
			);
			productRefGroup = C031FF0C26638F030098E474 /* Products */;
			projectDirPath = "";
			projectRoot = "";
			targets = (
				C031FF0A26638F030098E474 /* Swift Package */,
				C031FF1326638F030098E474 /* Swift PackageTests */,
			);
		};
/* End PBXProject section */

/* Begin PBXResourcesBuildPhase section */
		C031FF0926638F030098E474 /* Resources */ = {
			isa = PBXResourcesBuildPhase;
			buildActionMask = 2147483647;
			files = (
			);
			runOnlyForDeploymentPostprocessing = 0;
		};
		C031FF1226638F030098E474 /* Resources */ = {
			isa = PBXResourcesBuildPhase;
			buildActionMask = 2147483647;
			files = (
				C01CCD24271E0A7900B84B63 /* Mailbox.json in Resources */,
				C0727EF6266C1B3D000C0B36 /* Dummy.json in Resources */,
				C0CE57EC2720B43700EC79C8 /* UsableDomain.json in Resources */,
				C02924FA266CBC3700AFFE20 /* Message.json in Resources */,
				C0727EE2266C0C41000C0B36 /* ErrorResponse1.json in Resources */,
				C01CCD1E271E02B100B84B63 /* Contact2.json in Resources */,
				C0CE57E42720AEF200EC79C8 /* UserSettings.json in Resources */,
				C063DCDA26F28F1300BDBD5C /* AliasOptions.json in Resources */,
				C0727EE6266C0C90000C0B36 /* ErrorResponse3.json in Resources */,
				C020018826D981670057C345 /* UserLogin2.json in Resources */,
				C00B2CFF266ACDA8008E7108 /* UserInfo1.json in Resources */,
				C0FDCCD22739CD2800370096 /* BlockForward2.json in Resources */,
				C0727EE4266C0C6B000C0B36 /* ErrorResponse2.json in Resources */,
				C020018626D9815A0057C345 /* UserLogin1.json in Resources */,
				354899D328A6480700E9B7FF /* Token.json in Resources */,
				C01CCD1C271E02A200B84B63 /* Contact1.json in Resources */,
				C020018426D97C100057C345 /* Ok.json in Resources */,
				C00B2D01266ACDBB008E7108 /* UserInfo2.json in Resources */,
				C0012DAE2717838000D18A7D /* AliasActivity.json in Resources */,
				C01CCD30271E129600B84B63 /* CustomDomain2.json in Resources */,
				C07DB033270E3B8000AE3969 /* Alias.json in Resources */,
				C01CCD2E271E128900B84B63 /* CustomDomain1.json in Resources */,
				EF1209F42812DA2700D0362F /* CustomDomainUpdate.json in Resources */,
				C02924F6266CB01500AFFE20 /* Mfa.json in Resources */,
				C0FDCCD02739CD1000370096 /* BlockForward1.json in Resources */,
			);
			runOnlyForDeploymentPostprocessing = 0;
		};
/* End PBXResourcesBuildPhase section */

/* Begin PBXShellScriptBuildPhase section */
		C0727ECF266B6B8A000C0B36 /* ShellScript */ = {
			isa = PBXShellScriptBuildPhase;
			buildActionMask = 2147483647;
			files = (
			);
			inputFileListPaths = (
			);
			inputPaths = (
			);
			outputFileListPaths = (
			);
			outputPaths = (
			);
			runOnlyForDeploymentPostprocessing = 0;
			shellPath = /bin/sh;
			shellScript = "if test -d \"/opt/homebrew/bin/\"; then\n  PATH=\"/opt/homebrew/bin/:${PATH}\"\nfi\n\nexport PATH\n\nif which swiftlint >/dev/null; then\n  swiftlint\nelse\n  echo \"warning: SwiftLint not installed, download from https://github.com/realm/SwiftLint\"\nfi\n";
		};
/* End PBXShellScriptBuildPhase section */

/* Begin PBXSourcesBuildPhase section */
		C031FF0726638F030098E474 /* Sources */ = {
			isa = PBXSourcesBuildPhase;
			buildActionMask = 2147483647;
			files = (
				C01CCD2C271E110E00B84B63 /* CustomDomain.swift in Sources */,
				35CF7FD628FDA3ED00214B10 /* RegisterEndpoint.swift in Sources */,
				C0E9C3DF2790C4B600D1A463 /* UpdateResponse.swift in Sources */,
				35CF7FEE28FDB7B300214B10 /* DeleteAliasEndpoint.swift in Sources */,
				C0012DA6271779FA00D18A7D /* DeletedResponse.swift in Sources */,
				35CF7FD428FDA04E00214B10 /* MFAEndpoint.swift in Sources */,
				C07DB038270E430600AE3969 /* AliasCreationOptions.swift in Sources */,
				C0727EC5266B596F000C0B36 /* UserInfo.swift in Sources */,
				C0012DAA271780EC00D18A7D /* AliasActivity.swift in Sources */,
				C01CCD22271E095800B84B63 /* Mailbox.swift in Sources */,
				35EA796B28FE7F9500BF2D34 /* UpdateAliasEndpoint.swift in Sources */,
				35CF7FDA28FDA64600214B10 /* ReactivateEndpoint.swift in Sources */,
				C0AC9430271F5F080036E694 /* DeletedAlias.swift in Sources */,
				C01CCD18271E019F00B84B63 /* Contact.swift in Sources */,
				C0727EC7266B59B7000C0B36 /* UserLogin.swift in Sources */,
				C020018226D97B6D0057C345 /* OkResponse.swift in Sources */,
				C0CE57E22720AD4700EC79C8 /* UserSettings.swift in Sources */,
				35CF7FDE28FDA85C00214B10 /* GetUserInfoEndpoint.swift in Sources */,
				C0012DA827177AB300D18A7D /* EnabledResponse.swift in Sources */,
				C07DB02F270E346800AE3969 /* AliasLatestActivity.swift in Sources */,
				354899D628A64B2000E9B7FF /* Token.swift in Sources */,
				C07DB02D270E33FE00AE3969 /* MailboxLite.swift in Sources */,
				35CF7FE828FDB23C00214B10 /* RandomAliasEndpoint.swift in Sources */,
				35CF7FEA28FDB42F00214B10 /* GetAliasesEndpoint.swift in Sources */,
				35CF7FDC28FDA73C00214B10 /* ForgotPasswordEndpoint.swift in Sources */,
				35CF7FE128FDABDC00214B10 /* GetAliasOptionsEndpoint.swift in Sources */,
				35CF7FD828FDA52D00214B10 /* ActivateEndpoint.swift in Sources */,
				35EA796928FE7D4500BF2D34 /* GetActivitiesEndpoint.swift in Sources */,
				C0AC942E271F58E90036E694 /* CustomDomainUpdateOption.swift in Sources */,
				C00B2CF6266ACCFA008E7108 /* ApiKey.swift in Sources */,
				C0727ECE266B682F000C0B36 /* Endpoint.swift in Sources */,
				35CF7FEC28FDB69400214B10 /* GetAliasEndpoint.swift in Sources */,
				C03760F526DC0C4700E5ECAC /* ErrorResponse.swift in Sources */,
				35CF7FF028FDB88800214B10 /* ToggleAliasEndpoint.swift in Sources */,
				35F8D30928FD8E9E0000AA0E /* LogInEndpoint.swift in Sources */,
				35EA796D28FE83D400BF2D34 /* GetContactsEndpoint.swift in Sources */,
				C063DCD626F28E0000BDBD5C /* AliasOptions.swift in Sources */,
				C02924F8266CBBC300AFFE20 /* MessageResponse.swift in Sources */,
				C0CE57EA2720B3B700EC79C8 /* UsableDomain.swift in Sources */,
				C01CCD16271DFD3500B84B63 /* AliasUpdateOption.swift in Sources */,
				35CF7FE328FDACBB00214B10 /* CreateAliasEndpoint.swift in Sources */,
				C063DCD826F28E8200BDBD5C /* Suffix.swift in Sources */,
				35F8D30328FD8A670000AA0E /* APIService.swift in Sources */,
				35CF7FE628FDB04500214B10 /* GetMailboxesEndpoint.swift in Sources */,
				C0012DAC2717815100D18A7D /* ActivityAction.swift in Sources */,
				C07DB031270E352300AE3969 /* ContactLite.swift in Sources */,
				C031FF2A26638FEF0098E474 /* Alias.swift in Sources */,
				C0CE57E82720B24F00EC79C8 /* UserSettingsUpdateOption.swift in Sources */,
				C07DB03E270E463100AE3969 /* AliasRandomOptions.swift in Sources */,
				35F8D30528FD8AD30000AA0E /* EndpointV2.swift in Sources */,
				C01CCD29271E0EB000B84B63 /* MailboxUpdateOption.swift in Sources */,
				C00B2CF8266ACD2F008E7108 /* SLClient.swift in Sources */,
				C0727EDE266B8C52000C0B36 /* SLClientError.swift in Sources */,
			);
			runOnlyForDeploymentPostprocessing = 0;
		};
		C031FF1026638F030098E474 /* Sources */ = {
			isa = PBXSourcesBuildPhase;
			buildActionMask = 2147483647;
			files = (
				C00B2D03266ACDD8008E7108 /* MockedData.swift in Sources */,
				C0727EF4266C18E7000C0B36 /* ErrorResponseExtensions.swift in Sources */,
				C0727EEA266C0F46000C0B36 /* UserLoginTests.swift in Sources */,
				C0727ED8266B73B6000C0B36 /* URLRequestExtensions.swift in Sources */,
				C0CE57E62720AF1B00EC79C8 /* UserSettingsTests.swift in Sources */,
				C00B2CFB266ACD8E008E7108 /* AccountEndpointsTests.swift in Sources */,
				C0727EEC266C100F000C0B36 /* ApiKeyExtensions.swift in Sources */,
				C0727ED6266B7106000C0B36 /* StringExtensions.swift in Sources */,
				C063DCDC26F28FEF00BDBD5C /* AliasOptionsTests.swift in Sources */,
				C01CCD32271E130500B84B63 /* CustomDomainTests.swift in Sources */,
				C01CCD20271E02DE00B84B63 /* ContactTests.swift in Sources */,
				C07DB035270E3C2C00AE3969 /* AliasTests.swift in Sources */,
				354899CF28A641F800E9B7FF /* UserInfoTests.swift in Sources */,
				C02924FC266CBC6800AFFE20 /* MessageResponseTests.swift in Sources */,
				C0727ED2266B7023000C0B36 /* EndpointTests.swift in Sources */,
				C0727EC9266B5C24000C0B36 /* BaseEndpointsTests.swift in Sources */,
				354899D528A6482A00E9B7FF /* TokenTests.swift in Sources */,
				C01CCD26271E0AA300B84B63 /* MailboxTests.swift in Sources */,
				C0012DB0271783AD00D18A7D /* AliasActivityTests.swift in Sources */,
				C0727EF2266C188D000C0B36 /* SLClientErrorExtensions.swift in Sources */,
				C0727EEE266C1131000C0B36 /* ErrorResponseTests.swift in Sources */,
				C0FDCCD42739CDBF00370096 /* BlockForwardTests.swift in Sources */,
				C0126D0227AED57900B489E8 /* AliasEndpointsTests.swift in Sources */,
				C0727EF0266C13AC000C0B36 /* SLClientInitTests.swift in Sources */,
				C0CE57EE2720B45D00EC79C8 /* UsableDomainTests.swift in Sources */,
			);
			runOnlyForDeploymentPostprocessing = 0;
		};
/* End PBXSourcesBuildPhase section */

/* Begin PBXTargetDependency section */
		C031FF1726638F030098E474 /* PBXTargetDependency */ = {
			isa = PBXTargetDependency;
			target = C031FF0A26638F030098E474 /* Swift Package */;
			targetProxy = C031FF1626638F030098E474 /* PBXContainerItemProxy */;
		};
/* End PBXTargetDependency section */

/* Begin XCBuildConfiguration section */
		C031FF1D26638F030098E474 /* Debug */ = {
			isa = XCBuildConfiguration;
			buildSettings = {
				ALWAYS_SEARCH_USER_PATHS = NO;
				CLANG_ANALYZER_NONNULL = YES;
				CLANG_ANALYZER_NUMBER_OBJECT_CONVERSION = YES_AGGRESSIVE;
				CLANG_CXX_LANGUAGE_STANDARD = "gnu++14";
				CLANG_CXX_LIBRARY = "libc++";
				CLANG_ENABLE_MODULES = YES;
				CLANG_ENABLE_OBJC_ARC = YES;
				CLANG_ENABLE_OBJC_WEAK = YES;
				CLANG_WARN_BLOCK_CAPTURE_AUTORELEASING = YES;
				CLANG_WARN_BOOL_CONVERSION = YES;
				CLANG_WARN_COMMA = YES;
				CLANG_WARN_CONSTANT_CONVERSION = YES;
				CLANG_WARN_DEPRECATED_OBJC_IMPLEMENTATIONS = YES;
				CLANG_WARN_DIRECT_OBJC_ISA_USAGE = YES_ERROR;
				CLANG_WARN_DOCUMENTATION_COMMENTS = YES;
				CLANG_WARN_EMPTY_BODY = YES;
				CLANG_WARN_ENUM_CONVERSION = YES;
				CLANG_WARN_INFINITE_RECURSION = YES;
				CLANG_WARN_INT_CONVERSION = YES;
				CLANG_WARN_NON_LITERAL_NULL_CONVERSION = YES;
				CLANG_WARN_OBJC_IMPLICIT_RETAIN_SELF = YES;
				CLANG_WARN_OBJC_LITERAL_CONVERSION = YES;
				CLANG_WARN_OBJC_ROOT_CLASS = YES_ERROR;
				CLANG_WARN_QUOTED_INCLUDE_IN_FRAMEWORK_HEADER = YES;
				CLANG_WARN_RANGE_LOOP_ANALYSIS = YES;
				CLANG_WARN_STRICT_PROTOTYPES = YES;
				CLANG_WARN_SUSPICIOUS_MOVE = YES;
				CLANG_WARN_UNGUARDED_AVAILABILITY = YES_AGGRESSIVE;
				CLANG_WARN_UNREACHABLE_CODE = YES;
				CLANG_WARN__DUPLICATE_METHOD_MATCH = YES;
				COPY_PHASE_STRIP = NO;
				CURRENT_PROJECT_VERSION = 1;
				DEBUG_INFORMATION_FORMAT = dwarf;
				ENABLE_STRICT_OBJC_MSGSEND = YES;
				ENABLE_TESTABILITY = YES;
				GCC_C_LANGUAGE_STANDARD = gnu11;
				GCC_DYNAMIC_NO_PIC = NO;
				GCC_NO_COMMON_BLOCKS = YES;
				GCC_OPTIMIZATION_LEVEL = 0;
				GCC_PREPROCESSOR_DEFINITIONS = (
					"DEBUG=1",
					"$(inherited)",
				);
				GCC_WARN_64_TO_32_BIT_CONVERSION = YES;
				GCC_WARN_ABOUT_RETURN_TYPE = YES_ERROR;
				GCC_WARN_UNDECLARED_SELECTOR = YES;
				GCC_WARN_UNINITIALIZED_AUTOS = YES_AGGRESSIVE;
				GCC_WARN_UNUSED_FUNCTION = YES;
				GCC_WARN_UNUSED_VARIABLE = YES;
				IPHONEOS_DEPLOYMENT_TARGET = 15.0;
				MTL_ENABLE_DEBUG_INFO = INCLUDE_SOURCE;
				MTL_FAST_MATH = YES;
				ONLY_ACTIVE_ARCH = YES;
				SDKROOT = iphoneos;
				SWIFT_ACTIVE_COMPILATION_CONDITIONS = DEBUG;
				SWIFT_OPTIMIZATION_LEVEL = "-Onone";
				VERSIONING_SYSTEM = "apple-generic";
				VERSION_INFO_PREFIX = "";
			};
			name = Debug;
		};
		C031FF1E26638F030098E474 /* Release */ = {
			isa = XCBuildConfiguration;
			buildSettings = {
				ALWAYS_SEARCH_USER_PATHS = NO;
				CLANG_ANALYZER_NONNULL = YES;
				CLANG_ANALYZER_NUMBER_OBJECT_CONVERSION = YES_AGGRESSIVE;
				CLANG_CXX_LANGUAGE_STANDARD = "gnu++14";
				CLANG_CXX_LIBRARY = "libc++";
				CLANG_ENABLE_MODULES = YES;
				CLANG_ENABLE_OBJC_ARC = YES;
				CLANG_ENABLE_OBJC_WEAK = YES;
				CLANG_WARN_BLOCK_CAPTURE_AUTORELEASING = YES;
				CLANG_WARN_BOOL_CONVERSION = YES;
				CLANG_WARN_COMMA = YES;
				CLANG_WARN_CONSTANT_CONVERSION = YES;
				CLANG_WARN_DEPRECATED_OBJC_IMPLEMENTATIONS = YES;
				CLANG_WARN_DIRECT_OBJC_ISA_USAGE = YES_ERROR;
				CLANG_WARN_DOCUMENTATION_COMMENTS = YES;
				CLANG_WARN_EMPTY_BODY = YES;
				CLANG_WARN_ENUM_CONVERSION = YES;
				CLANG_WARN_INFINITE_RECURSION = YES;
				CLANG_WARN_INT_CONVERSION = YES;
				CLANG_WARN_NON_LITERAL_NULL_CONVERSION = YES;
				CLANG_WARN_OBJC_IMPLICIT_RETAIN_SELF = YES;
				CLANG_WARN_OBJC_LITERAL_CONVERSION = YES;
				CLANG_WARN_OBJC_ROOT_CLASS = YES_ERROR;
				CLANG_WARN_QUOTED_INCLUDE_IN_FRAMEWORK_HEADER = YES;
				CLANG_WARN_RANGE_LOOP_ANALYSIS = YES;
				CLANG_WARN_STRICT_PROTOTYPES = YES;
				CLANG_WARN_SUSPICIOUS_MOVE = YES;
				CLANG_WARN_UNGUARDED_AVAILABILITY = YES_AGGRESSIVE;
				CLANG_WARN_UNREACHABLE_CODE = YES;
				CLANG_WARN__DUPLICATE_METHOD_MATCH = YES;
				COPY_PHASE_STRIP = NO;
				CURRENT_PROJECT_VERSION = 1;
				DEBUG_INFORMATION_FORMAT = "dwarf-with-dsym";
				ENABLE_NS_ASSERTIONS = NO;
				ENABLE_STRICT_OBJC_MSGSEND = YES;
				GCC_C_LANGUAGE_STANDARD = gnu11;
				GCC_NO_COMMON_BLOCKS = YES;
				GCC_WARN_64_TO_32_BIT_CONVERSION = YES;
				GCC_WARN_ABOUT_RETURN_TYPE = YES_ERROR;
				GCC_WARN_UNDECLARED_SELECTOR = YES;
				GCC_WARN_UNINITIALIZED_AUTOS = YES_AGGRESSIVE;
				GCC_WARN_UNUSED_FUNCTION = YES;
				GCC_WARN_UNUSED_VARIABLE = YES;
				IPHONEOS_DEPLOYMENT_TARGET = 15.0;
				MTL_ENABLE_DEBUG_INFO = NO;
				MTL_FAST_MATH = YES;
				SDKROOT = iphoneos;
				SWIFT_COMPILATION_MODE = wholemodule;
				SWIFT_OPTIMIZATION_LEVEL = "-O";
				VALIDATE_PRODUCT = YES;
				VERSIONING_SYSTEM = "apple-generic";
				VERSION_INFO_PREFIX = "";
			};
			name = Release;
		};
		C031FF2026638F030098E474 /* Debug */ = {
			isa = XCBuildConfiguration;
			buildSettings = {
				CLANG_ENABLE_MODULES = YES;
				CODE_SIGN_STYLE = Automatic;
				DEFINES_MODULE = YES;
				DYLIB_COMPATIBILITY_VERSION = 1;
				DYLIB_CURRENT_VERSION = 1;
				DYLIB_INSTALL_NAME_BASE = "@rpath";
				ENABLE_TESTING_SEARCH_PATHS = YES;
				INFOPLIST_FILE = "Swift Package/Info.plist";
				INSTALL_PATH = "$(LOCAL_LIBRARY_DIR)/Frameworks";
				IPHONEOS_DEPLOYMENT_TARGET = 15.0;
				LD_RUNPATH_SEARCH_PATHS = (
					"$(inherited)",
					"@executable_path/Frameworks",
					"@loader_path/Frameworks",
				);
				PRODUCT_BUNDLE_IDENTIFIER = "io.simplelogin.Swift-Package";
				PRODUCT_NAME = "$(TARGET_NAME:c99extidentifier)";
				SKIP_INSTALL = YES;
				SWIFT_OPTIMIZATION_LEVEL = "-Onone";
				SWIFT_VERSION = 5.0;
				TARGETED_DEVICE_FAMILY = "1,2";
			};
			name = Debug;
		};
		C031FF2126638F030098E474 /* Release */ = {
			isa = XCBuildConfiguration;
			buildSettings = {
				CLANG_ENABLE_MODULES = YES;
				CODE_SIGN_STYLE = Automatic;
				DEFINES_MODULE = YES;
				DYLIB_COMPATIBILITY_VERSION = 1;
				DYLIB_CURRENT_VERSION = 1;
				DYLIB_INSTALL_NAME_BASE = "@rpath";
				ENABLE_TESTING_SEARCH_PATHS = YES;
				INFOPLIST_FILE = "Swift Package/Info.plist";
				INSTALL_PATH = "$(LOCAL_LIBRARY_DIR)/Frameworks";
				IPHONEOS_DEPLOYMENT_TARGET = 15.0;
				LD_RUNPATH_SEARCH_PATHS = (
					"$(inherited)",
					"@executable_path/Frameworks",
					"@loader_path/Frameworks",
				);
				PRODUCT_BUNDLE_IDENTIFIER = "io.simplelogin.Swift-Package";
				PRODUCT_NAME = "$(TARGET_NAME:c99extidentifier)";
				SKIP_INSTALL = YES;
				SWIFT_VERSION = 5.0;
				TARGETED_DEVICE_FAMILY = "1,2";
			};
			name = Release;
		};
		C031FF2326638F030098E474 /* Debug */ = {
			isa = XCBuildConfiguration;
			buildSettings = {
				ALWAYS_EMBED_SWIFT_STANDARD_LIBRARIES = YES;
				CLANG_ENABLE_MODULES = YES;
				CODE_SIGN_STYLE = Automatic;
				INFOPLIST_FILE = "Swift PackageTests/Info.plist";
				LD_RUNPATH_SEARCH_PATHS = (
					"$(inherited)",
					"@executable_path/Frameworks",
					"@loader_path/Frameworks",
				);
				PRODUCT_BUNDLE_IDENTIFIER = "io.simplelogin.Swift-PackageTests";
				PRODUCT_NAME = "$(TARGET_NAME)";
				SWIFT_OPTIMIZATION_LEVEL = "-Onone";
				SWIFT_VERSION = 5.0;
				TARGETED_DEVICE_FAMILY = "1,2";
			};
			name = Debug;
		};
		C031FF2426638F030098E474 /* Release */ = {
			isa = XCBuildConfiguration;
			buildSettings = {
				ALWAYS_EMBED_SWIFT_STANDARD_LIBRARIES = YES;
				CLANG_ENABLE_MODULES = YES;
				CODE_SIGN_STYLE = Automatic;
				INFOPLIST_FILE = "Swift PackageTests/Info.plist";
				LD_RUNPATH_SEARCH_PATHS = (
					"$(inherited)",
					"@executable_path/Frameworks",
					"@loader_path/Frameworks",
				);
				PRODUCT_BUNDLE_IDENTIFIER = "io.simplelogin.Swift-PackageTests";
				PRODUCT_NAME = "$(TARGET_NAME)";
				SWIFT_VERSION = 5.0;
				TARGETED_DEVICE_FAMILY = "1,2";
			};
			name = Release;
		};
/* End XCBuildConfiguration section */

/* Begin XCConfigurationList section */
		C031FF0526638F030098E474 /* Build configuration list for PBXProject "Swift Package" */ = {
			isa = XCConfigurationList;
			buildConfigurations = (
				C031FF1D26638F030098E474 /* Debug */,
				C031FF1E26638F030098E474 /* Release */,
			);
			defaultConfigurationIsVisible = 0;
			defaultConfigurationName = Release;
		};
		C031FF1F26638F030098E474 /* Build configuration list for PBXNativeTarget "Swift Package" */ = {
			isa = XCConfigurationList;
			buildConfigurations = (
				C031FF2026638F030098E474 /* Debug */,
				C031FF2126638F030098E474 /* Release */,
			);
			defaultConfigurationIsVisible = 0;
			defaultConfigurationName = Release;
		};
		C031FF2226638F030098E474 /* Build configuration list for PBXNativeTarget "Swift PackageTests" */ = {
			isa = XCConfigurationList;
			buildConfigurations = (
				C031FF2326638F030098E474 /* Debug */,
				C031FF2426638F030098E474 /* Release */,
			);
			defaultConfigurationIsVisible = 0;
			defaultConfigurationName = Release;
		};
/* End XCConfigurationList section */

/* Begin XCRemoteSwiftPackageReference section */
		3572F5C628914F7600A85837 /* XCRemoteSwiftPackageReference "Mocker" */ = {
			isa = XCRemoteSwiftPackageReference;
			repositoryURL = "https://github.com/WeTransfer/Mocker";
			requirement = {
				kind = upToNextMajorVersion;
				minimumVersion = 2.0.0;
			};
		};
/* End XCRemoteSwiftPackageReference section */

/* Begin XCSwiftPackageProductDependency section */
		3572F5C728914F7600A85837 /* Mocker */ = {
			isa = XCSwiftPackageProductDependency;
			package = 3572F5C628914F7600A85837 /* XCRemoteSwiftPackageReference "Mocker" */;
			productName = Mocker;
		};
/* End XCSwiftPackageProductDependency section */
	};
	rootObject = C031FF0226638F030098E474 /* Project object */;
}
