// !$*UTF8*$!
{
	archiveVersion = 1;
	classes = {
	};
	objectVersion = 50;
	objects = {

/* Begin PBXBuildFile section */
		C031FF1526638F030098E474 /* Swift_Package.framework in Frameworks */ = {isa = PBXBuildFile; fileRef = C031FF0B26638F030098E474 /* Swift_Package.framework */; };
		C031FF1A26638F030098E474 /* Swift_PackageTests.swift in Sources */ = {isa = PBXBuildFile; fileRef = C031FF1926638F030098E474 /* Swift_PackageTests.swift */; };
		C031FF1C26638F030098E474 /* Swift_Package.h in Headers */ = {isa = PBXBuildFile; fileRef = C031FF0E26638F030098E474 /* Swift_Package.h */; settings = {ATTRIBUTES = (Public, ); }; };
		C031FF2A26638FEF0098E474 /* Alias.swift in Sources */ = {isa = PBXBuildFile; fileRef = C031FF2926638FEF0098E474 /* Alias.swift */; };
/* End PBXBuildFile section */

/* Begin PBXContainerItemProxy section */
		C031FF1626638F030098E474 /* PBXContainerItemProxy */ = {
			isa = PBXContainerItemProxy;
			containerPortal = C031FF0226638F030098E474 /* Project object */;
			proxyType = 1;
			remoteGlobalIDString = C031FF0A26638F030098E474;
			remoteInfo = "Swift Package";
		};
/* End PBXContainerItemProxy section */

/* Begin PBXFileReference section */
		C031FF0B26638F030098E474 /* Swift_Package.framework */ = {isa = PBXFileReference; explicitFileType = wrapper.framework; includeInIndex = 0; path = Swift_Package.framework; sourceTree = BUILT_PRODUCTS_DIR; };
		C031FF0E26638F030098E474 /* Swift_Package.h */ = {isa = PBXFileReference; lastKnownFileType = sourcecode.c.h; path = Swift_Package.h; sourceTree = "<group>"; };
		C031FF0F26638F030098E474 /* Info.plist */ = {isa = PBXFileReference; lastKnownFileType = text.plist.xml; path = Info.plist; sourceTree = "<group>"; };
		C031FF1426638F030098E474 /* Swift PackageTests.xctest */ = {isa = PBXFileReference; explicitFileType = wrapper.cfbundle; includeInIndex = 0; path = "Swift PackageTests.xctest"; sourceTree = BUILT_PRODUCTS_DIR; };
		C031FF1926638F030098E474 /* Swift_PackageTests.swift */ = {isa = PBXFileReference; lastKnownFileType = sourcecode.swift; path = Swift_PackageTests.swift; sourceTree = "<group>"; };
		C031FF1B26638F030098E474 /* Info.plist */ = {isa = PBXFileReference; lastKnownFileType = text.plist.xml; path = Info.plist; sourceTree = "<group>"; };
		C031FF2926638FEF0098E474 /* Alias.swift */ = {isa = PBXFileReference; lastKnownFileType = sourcecode.swift; path = Alias.swift; sourceTree = "<group>"; };
/* End PBXFileReference section */

/* Begin PBXFrameworksBuildPhase section */
		C031FF0826638F030098E474 /* Frameworks */ = {
			isa = PBXFrameworksBuildPhase;
			buildActionMask = 2147483647;
			files = (
			);
			runOnlyForDeploymentPostprocessing = 0;
		};
		C031FF1126638F030098E474 /* Frameworks */ = {
			isa = PBXFrameworksBuildPhase;
			buildActionMask = 2147483647;
			files = (
				C031FF1526638F030098E474 /* Swift_Package.framework in Frameworks */,
			);
			runOnlyForDeploymentPostprocessing = 0;
		};
/* End PBXFrameworksBuildPhase section */

/* Begin PBXGroup section */
		C031FF0126638F030098E474 = {
			isa = PBXGroup;
			children = (
				C031FF2526638F5B0098E474 /* Sources */,
				C031FF0D26638F030098E474 /* Swift Package */,
				C031FF1826638F030098E474 /* Swift PackageTests */,
				C031FF0C26638F030098E474 /* Products */,
			);
			sourceTree = "<group>";
		};
		C031FF0C26638F030098E474 /* Products */ = {
			isa = PBXGroup;
			children = (
				C031FF0B26638F030098E474 /* Swift_Package.framework */,
				C031FF1426638F030098E474 /* Swift PackageTests.xctest */,
			);
			name = Products;
			sourceTree = "<group>";
		};
		C031FF0D26638F030098E474 /* Swift Package */ = {
			isa = PBXGroup;
			children = (
				C031FF0E26638F030098E474 /* Swift_Package.h */,
				C031FF0F26638F030098E474 /* Info.plist */,
			);
			path = "Swift Package";
			sourceTree = "<group>";
		};
		C031FF1826638F030098E474 /* Swift PackageTests */ = {
			isa = PBXGroup;
			children = (
				C031FF1926638F030098E474 /* Swift_PackageTests.swift */,
				C031FF1B26638F030098E474 /* Info.plist */,
			);
			path = "Swift PackageTests";
			sourceTree = "<group>";
		};
		C031FF2526638F5B0098E474 /* Sources */ = {
			isa = PBXGroup;
			children = (
				C031FF2626638F6E0098E474 /* SimpleLoginPackage */,
			);
			path = Sources;
			sourceTree = "<group>";
		};
		C031FF2626638F6E0098E474 /* SimpleLoginPackage */ = {
			isa = PBXGroup;
			children = (
				C031FF2726638FCA0098E474 /* Model */,
				C031FF2826638FD20098E474 /* Networking */,
			);
			path = SimpleLoginPackage;
			sourceTree = "<group>";
		};
		C031FF2726638FCA0098E474 /* Model */ = {
			isa = PBXGroup;
			children = (
				C031FF2926638FEF0098E474 /* Alias.swift */,
			);
			path = Model;
			sourceTree = "<group>";
		};
		C031FF2826638FD20098E474 /* Networking */ = {
			isa = PBXGroup;
			children = (
			);
			path = Networking;
			sourceTree = "<group>";
		};
/* End PBXGroup section */

/* Begin PBXHeadersBuildPhase section */
		C031FF0626638F030098E474 /* Headers */ = {
			isa = PBXHeadersBuildPhase;
			buildActionMask = 2147483647;
			files = (
				C031FF1C26638F030098E474 /* Swift_Package.h in Headers */,
			);
			runOnlyForDeploymentPostprocessing = 0;
		};
/* End PBXHeadersBuildPhase section */

/* Begin PBXNativeTarget section */
		C031FF0A26638F030098E474 /* Swift Package */ = {
			isa = PBXNativeTarget;
			buildConfigurationList = C031FF1F26638F030098E474 /* Build configuration list for PBXNativeTarget "Swift Package" */;
			buildPhases = (
				C031FF0626638F030098E474 /* Headers */,
				C031FF0726638F030098E474 /* Sources */,
				C031FF0826638F030098E474 /* Frameworks */,
				C031FF0926638F030098E474 /* Resources */,
			);
			buildRules = (
			);
			dependencies = (
			);
			name = "Swift Package";
			productName = "Swift Package";
			productReference = C031FF0B26638F030098E474 /* Swift_Package.framework */;
			productType = "com.apple.product-type.framework";
		};
		C031FF1326638F030098E474 /* Swift PackageTests */ = {
			isa = PBXNativeTarget;
			buildConfigurationList = C031FF2226638F030098E474 /* Build configuration list for PBXNativeTarget "Swift PackageTests" */;
			buildPhases = (
				C031FF1026638F030098E474 /* Sources */,
				C031FF1126638F030098E474 /* Frameworks */,
				C031FF1226638F030098E474 /* Resources */,
			);
			buildRules = (
			);
			dependencies = (
				C031FF1726638F030098E474 /* PBXTargetDependency */,
			);
			name = "Swift PackageTests";
			productName = "Swift PackageTests";
			productReference = C031FF1426638F030098E474 /* Swift PackageTests.xctest */;
			productType = "com.apple.product-type.bundle.unit-test";
		};
/* End PBXNativeTarget section */

/* Begin PBXProject section */
		C031FF0226638F030098E474 /* Project object */ = {
			isa = PBXProject;
			attributes = {
				LastSwiftUpdateCheck = 1250;
				LastUpgradeCheck = 1250;
				TargetAttributes = {
					C031FF0A26638F030098E474 = {
						CreatedOnToolsVersion = 12.5;
						LastSwiftMigration = 1250;
					};
					C031FF1326638F030098E474 = {
						CreatedOnToolsVersion = 12.5;
					};
				};
			};
			buildConfigurationList = C031FF0526638F030098E474 /* Build configuration list for PBXProject "Swift Package" */;
			compatibilityVersion = "Xcode 9.3";
			developmentRegion = en;
			hasScannedForEncodings = 0;
			knownRegions = (
				en,
				Base,
			);
			mainGroup = C031FF0126638F030098E474;
			productRefGroup = C031FF0C26638F030098E474 /* Products */;
			projectDirPath = "";
			projectRoot = "";
			targets = (
				C031FF0A26638F030098E474 /* Swift Package */,
				C031FF1326638F030098E474 /* Swift PackageTests */,
			);
		};
/* End PBXProject section */

/* Begin PBXResourcesBuildPhase section */
		C031FF0926638F030098E474 /* Resources */ = {
			isa = PBXResourcesBuildPhase;
			buildActionMask = 2147483647;
			files = (
			);
			runOnlyForDeploymentPostprocessing = 0;
		};
		C031FF1226638F030098E474 /* Resources */ = {
			isa = PBXResourcesBuildPhase;
			buildActionMask = 2147483647;
			files = (
			);
			runOnlyForDeploymentPostprocessing = 0;
		};
/* End PBXResourcesBuildPhase section */

/* Begin PBXSourcesBuildPhase section */
		C031FF0726638F030098E474 /* Sources */ = {
			isa = PBXSourcesBuildPhase;
			buildActionMask = 2147483647;
			files = (
				C031FF2A26638FEF0098E474 /* Alias.swift in Sources */,
			);
			runOnlyForDeploymentPostprocessing = 0;
		};
		C031FF1026638F030098E474 /* Sources */ = {
			isa = PBXSourcesBuildPhase;
			buildActionMask = 2147483647;
			files = (
				C031FF1A26638F030098E474 /* Swift_PackageTests.swift in Sources */,
			);
			runOnlyForDeploymentPostprocessing = 0;
		};
/* End PBXSourcesBuildPhase section */

/* Begin PBXTargetDependency section */
		C031FF1726638F030098E474 /* PBXTargetDependency */ = {
			isa = PBXTargetDependency;
			target = C031FF0A26638F030098E474 /* Swift Package */;
			targetProxy = C031FF1626638F030098E474 /* PBXContainerItemProxy */;
		};
/* End PBXTargetDependency section */

/* Begin XCBuildConfiguration section */
		C031FF1D26638F030098E474 /* Debug */ = {
			isa = XCBuildConfiguration;
			buildSettings = {
				ALWAYS_SEARCH_USER_PATHS = NO;
				CLANG_ANALYZER_NONNULL = YES;
				CLANG_ANALYZER_NUMBER_OBJECT_CONVERSION = YES_AGGRESSIVE;
				CLANG_CXX_LANGUAGE_STANDARD = "gnu++14";
				CLANG_CXX_LIBRARY = "libc++";
				CLANG_ENABLE_MODULES = YES;
				CLANG_ENABLE_OBJC_ARC = YES;
				CLANG_ENABLE_OBJC_WEAK = YES;
				CLANG_WARN_BLOCK_CAPTURE_AUTORELEASING = YES;
				CLANG_WARN_BOOL_CONVERSION = YES;
				CLANG_WARN_COMMA = YES;
				CLANG_WARN_CONSTANT_CONVERSION = YES;
				CLANG_WARN_DEPRECATED_OBJC_IMPLEMENTATIONS = YES;
				CLANG_WARN_DIRECT_OBJC_ISA_USAGE = YES_ERROR;
				CLANG_WARN_DOCUMENTATION_COMMENTS = YES;
				CLANG_WARN_EMPTY_BODY = YES;
				CLANG_WARN_ENUM_CONVERSION = YES;
				CLANG_WARN_INFINITE_RECURSION = YES;
				CLANG_WARN_INT_CONVERSION = YES;
				CLANG_WARN_NON_LITERAL_NULL_CONVERSION = YES;
				CLANG_WARN_OBJC_IMPLICIT_RETAIN_SELF = YES;
				CLANG_WARN_OBJC_LITERAL_CONVERSION = YES;
				CLANG_WARN_OBJC_ROOT_CLASS = YES_ERROR;
				CLANG_WARN_QUOTED_INCLUDE_IN_FRAMEWORK_HEADER = YES;
				CLANG_WARN_RANGE_LOOP_ANALYSIS = YES;
				CLANG_WARN_STRICT_PROTOTYPES = YES;
				CLANG_WARN_SUSPICIOUS_MOVE = YES;
				CLANG_WARN_UNGUARDED_AVAILABILITY = YES_AGGRESSIVE;
				CLANG_WARN_UNREACHABLE_CODE = YES;
				CLANG_WARN__DUPLICATE_METHOD_MATCH = YES;
				COPY_PHASE_STRIP = NO;
				CURRENT_PROJECT_VERSION = 1;
				DEBUG_INFORMATION_FORMAT = dwarf;
				ENABLE_STRICT_OBJC_MSGSEND = YES;
				ENABLE_TESTABILITY = YES;
				GCC_C_LANGUAGE_STANDARD = gnu11;
				GCC_DYNAMIC_NO_PIC = NO;
				GCC_NO_COMMON_BLOCKS = YES;
				GCC_OPTIMIZATION_LEVEL = 0;
				GCC_PREPROCESSOR_DEFINITIONS = (
					"DEBUG=1",
					"$(inherited)",
				);
				GCC_WARN_64_TO_32_BIT_CONVERSION = YES;
				GCC_WARN_ABOUT_RETURN_TYPE = YES_ERROR;
				GCC_WARN_UNDECLARED_SELECTOR = YES;
				GCC_WARN_UNINITIALIZED_AUTOS = YES_AGGRESSIVE;
				GCC_WARN_UNUSED_FUNCTION = YES;
				GCC_WARN_UNUSED_VARIABLE = YES;
				IPHONEOS_DEPLOYMENT_TARGET = 14.5;
				MTL_ENABLE_DEBUG_INFO = INCLUDE_SOURCE;
				MTL_FAST_MATH = YES;
				ONLY_ACTIVE_ARCH = YES;
				SDKROOT = iphoneos;
				SWIFT_ACTIVE_COMPILATION_CONDITIONS = DEBUG;
				SWIFT_OPTIMIZATION_LEVEL = "-Onone";
				VERSIONING_SYSTEM = "apple-generic";
				VERSION_INFO_PREFIX = "";
			};
			name = Debug;
		};
		C031FF1E26638F030098E474 /* Release */ = {
			isa = XCBuildConfiguration;
			buildSettings = {
				ALWAYS_SEARCH_USER_PATHS = NO;
				CLANG_ANALYZER_NONNULL = YES;
				CLANG_ANALYZER_NUMBER_OBJECT_CONVERSION = YES_AGGRESSIVE;
				CLANG_CXX_LANGUAGE_STANDARD = "gnu++14";
				CLANG_CXX_LIBRARY = "libc++";
				CLANG_ENABLE_MODULES = YES;
				CLANG_ENABLE_OBJC_ARC = YES;
				CLANG_ENABLE_OBJC_WEAK = YES;
				CLANG_WARN_BLOCK_CAPTURE_AUTORELEASING = YES;
				CLANG_WARN_BOOL_CONVERSION = YES;
				CLANG_WARN_COMMA = YES;
				CLANG_WARN_CONSTANT_CONVERSION = YES;
				CLANG_WARN_DEPRECATED_OBJC_IMPLEMENTATIONS = YES;
				CLANG_WARN_DIRECT_OBJC_ISA_USAGE = YES_ERROR;
				CLANG_WARN_DOCUMENTATION_COMMENTS = YES;
				CLANG_WARN_EMPTY_BODY = YES;
				CLANG_WARN_ENUM_CONVERSION = YES;
				CLANG_WARN_INFINITE_RECURSION = YES;
				CLANG_WARN_INT_CONVERSION = YES;
				CLANG_WARN_NON_LITERAL_NULL_CONVERSION = YES;
				CLANG_WARN_OBJC_IMPLICIT_RETAIN_SELF = YES;
				CLANG_WARN_OBJC_LITERAL_CONVERSION = YES;
				CLANG_WARN_OBJC_ROOT_CLASS = YES_ERROR;
				CLANG_WARN_QUOTED_INCLUDE_IN_FRAMEWORK_HEADER = YES;
				CLANG_WARN_RANGE_LOOP_ANALYSIS = YES;
				CLANG_WARN_STRICT_PROTOTYPES = YES;
				CLANG_WARN_SUSPICIOUS_MOVE = YES;
				CLANG_WARN_UNGUARDED_AVAILABILITY = YES_AGGRESSIVE;
				CLANG_WARN_UNREACHABLE_CODE = YES;
				CLANG_WARN__DUPLICATE_METHOD_MATCH = YES;
				COPY_PHASE_STRIP = NO;
				CURRENT_PROJECT_VERSION = 1;
				DEBUG_INFORMATION_FORMAT = "dwarf-with-dsym";
				ENABLE_NS_ASSERTIONS = NO;
				ENABLE_STRICT_OBJC_MSGSEND = YES;
				GCC_C_LANGUAGE_STANDARD = gnu11;
				GCC_NO_COMMON_BLOCKS = YES;
				GCC_WARN_64_TO_32_BIT_CONVERSION = YES;
				GCC_WARN_ABOUT_RETURN_TYPE = YES_ERROR;
				GCC_WARN_UNDECLARED_SELECTOR = YES;
				GCC_WARN_UNINITIALIZED_AUTOS = YES_AGGRESSIVE;
				GCC_WARN_UNUSED_FUNCTION = YES;
				GCC_WARN_UNUSED_VARIABLE = YES;
				IPHONEOS_DEPLOYMENT_TARGET = 14.5;
				MTL_ENABLE_DEBUG_INFO = NO;
				MTL_FAST_MATH = YES;
				SDKROOT = iphoneos;
				SWIFT_COMPILATION_MODE = wholemodule;
				SWIFT_OPTIMIZATION_LEVEL = "-O";
				VALIDATE_PRODUCT = YES;
				VERSIONING_SYSTEM = "apple-generic";
				VERSION_INFO_PREFIX = "";
			};
			name = Release;
		};
		C031FF2026638F030098E474 /* Debug */ = {
			isa = XCBuildConfiguration;
			buildSettings = {
				CLANG_ENABLE_MODULES = YES;
				CODE_SIGN_STYLE = Automatic;
				DEFINES_MODULE = YES;
				DYLIB_COMPATIBILITY_VERSION = 1;
				DYLIB_CURRENT_VERSION = 1;
				DYLIB_INSTALL_NAME_BASE = "@rpath";
				INFOPLIST_FILE = "Swift Package/Info.plist";
				INSTALL_PATH = "$(LOCAL_LIBRARY_DIR)/Frameworks";
				IPHONEOS_DEPLOYMENT_TARGET = 13.0;
				LD_RUNPATH_SEARCH_PATHS = (
					"$(inherited)",
					"@executable_path/Frameworks",
					"@loader_path/Frameworks",
				);
				PRODUCT_BUNDLE_IDENTIFIER = "io.simplelogin.Swift-Package";
				PRODUCT_NAME = "$(TARGET_NAME:c99extidentifier)";
				SKIP_INSTALL = YES;
				SWIFT_OPTIMIZATION_LEVEL = "-Onone";
				SWIFT_VERSION = 5.0;
				TARGETED_DEVICE_FAMILY = "1,2";
			};
			name = Debug;
		};
		C031FF2126638F030098E474 /* Release */ = {
			isa = XCBuildConfiguration;
			buildSettings = {
				CLANG_ENABLE_MODULES = YES;
				CODE_SIGN_STYLE = Automatic;
				DEFINES_MODULE = YES;
				DYLIB_COMPATIBILITY_VERSION = 1;
				DYLIB_CURRENT_VERSION = 1;
				DYLIB_INSTALL_NAME_BASE = "@rpath";
				INFOPLIST_FILE = "Swift Package/Info.plist";
				INSTALL_PATH = "$(LOCAL_LIBRARY_DIR)/Frameworks";
				IPHONEOS_DEPLOYMENT_TARGET = 13.0;
				LD_RUNPATH_SEARCH_PATHS = (
					"$(inherited)",
					"@executable_path/Frameworks",
					"@loader_path/Frameworks",
				);
				PRODUCT_BUNDLE_IDENTIFIER = "io.simplelogin.Swift-Package";
				PRODUCT_NAME = "$(TARGET_NAME:c99extidentifier)";
				SKIP_INSTALL = YES;
				SWIFT_VERSION = 5.0;
				TARGETED_DEVICE_FAMILY = "1,2";
			};
			name = Release;
		};
		C031FF2326638F030098E474 /* Debug */ = {
			isa = XCBuildConfiguration;
			buildSettings = {
				ALWAYS_EMBED_SWIFT_STANDARD_LIBRARIES = YES;
				CODE_SIGN_STYLE = Automatic;
				INFOPLIST_FILE = "Swift PackageTests/Info.plist";
				LD_RUNPATH_SEARCH_PATHS = (
					"$(inherited)",
					"@executable_path/Frameworks",
					"@loader_path/Frameworks",
				);
				PRODUCT_BUNDLE_IDENTIFIER = "io.simplelogin.Swift-PackageTests";
				PRODUCT_NAME = "$(TARGET_NAME)";
				SWIFT_VERSION = 5.0;
				TARGETED_DEVICE_FAMILY = "1,2";
			};
			name = Debug;
		};
		C031FF2426638F030098E474 /* Release */ = {
			isa = XCBuildConfiguration;
			buildSettings = {
				ALWAYS_EMBED_SWIFT_STANDARD_LIBRARIES = YES;
				CODE_SIGN_STYLE = Automatic;
				INFOPLIST_FILE = "Swift PackageTests/Info.plist";
				LD_RUNPATH_SEARCH_PATHS = (
					"$(inherited)",
					"@executable_path/Frameworks",
					"@loader_path/Frameworks",
				);
				PRODUCT_BUNDLE_IDENTIFIER = "io.simplelogin.Swift-PackageTests";
				PRODUCT_NAME = "$(TARGET_NAME)";
				SWIFT_VERSION = 5.0;
				TARGETED_DEVICE_FAMILY = "1,2";
			};
			name = Release;
		};
/* End XCBuildConfiguration section */

/* Begin XCConfigurationList section */
		C031FF0526638F030098E474 /* Build configuration list for PBXProject "Swift Package" */ = {
			isa = XCConfigurationList;
			buildConfigurations = (
				C031FF1D26638F030098E474 /* Debug */,
				C031FF1E26638F030098E474 /* Release */,
			);
			defaultConfigurationIsVisible = 0;
			defaultConfigurationName = Release;
		};
		C031FF1F26638F030098E474 /* Build configuration list for PBXNativeTarget "Swift Package" */ = {
			isa = XCConfigurationList;
			buildConfigurations = (
				C031FF2026638F030098E474 /* Debug */,
				C031FF2126638F030098E474 /* Release */,
			);
			defaultConfigurationIsVisible = 0;
			defaultConfigurationName = Release;
		};
		C031FF2226638F030098E474 /* Build configuration list for PBXNativeTarget "Swift PackageTests" */ = {
			isa = XCConfigurationList;
			buildConfigurations = (
				C031FF2326638F030098E474 /* Debug */,
				C031FF2426638F030098E474 /* Release */,
			);
			defaultConfigurationIsVisible = 0;
			defaultConfigurationName = Release;
		};
/* End XCConfigurationList section */
	};
	rootObject = C031FF0226638F030098E474 /* Project object */;
}
